
Microsoft Visual Studio Solution File, Format Version 12.00
# Visual Studio Version 17
VisualStudioVersion = 17.3.32819.101
MinimumVisualStudioVersion = 10.0.40219.1
Project("{8BC9CEB8-8B4A-11D0-8D11-00A0C91BC942}") = "glfw", "dep\glfw\bld\Windows\src\glfw.vcxproj", "{CB26FC41-2F9A-3F59-81C5-65ABBB86CA93}"
EndProject
Project("{8BC9CEB8-8B4A-11D0-8D11-00A0C91BC942}") = "assimp", "dep\assimp\bld\Windows\code\assimp.vcxproj", "{C3287B08-43C2-3DAF-A3E4-C2579C79A907}"
EndProject
Project("{8BC9CEB8-8B4A-11D0-8D11-00A0C91BC942}") = "zlibstatic", "dep\assimp\bld\Windows\contrib\zlib\zlibstatic.vcxproj", "{8B98077E-B7E6-3E1A-8662-F4FBA4C3F426}"
EndProject
Project("{8BC9CEB8-8B4A-11D0-8D11-00A0C91BC942}") = "freetype", "dep\freetype\bld\Windows\freetype.vcxproj", "{102BC1C7-0768-3AEB-A59C-D93F6007AA17}"
EndProject
Project("{8BC9CEB8-8B4A-11D0-8D11-00A0C91BC942}") = "portaudio_static", "dep\portaudio\bld\Windows\portaudio_static.vcxproj", "{9C7CFCB8-5E5D-3F8E-A535-7F40437622E7}"
EndProject
Project("{8BC9CEB8-8B4A-11D0-8D11-00A0C91BC942}") = "FreeImageLib", "dep\freeimage\Source\FreeImageLib\FreeImageLib.2017.vcxproj", "{9E219DF2-315D-478E-8A07-8960C377CE1E}"
EndProject
Project("{8BC9CEB8-8B4A-11D0-8D11-00A0C91BC942}") = "LibJPEG", "dep\freeimage\Source\LibJPEG\LibJPEG.2017.vcxproj", "{5E1D4E5F-E10C-4BA3-B663-F33014FD21D9}"
EndProject
Project("{8BC9CEB8-8B4A-11D0-8D11-00A0C91BC942}") = "LibJXR", "dep\freeimage\Source\LibJXR\LibJXR.2017.vcxproj", "{244455E0-5F25-4451-9540-F317883E52A8}"
EndProject
Project("{8BC9CEB8-8B4A-11D0-8D11-00A0C91BC942}") = "LibOpenJPEG", "dep\freeimage\Source\LibOpenJPEG\LibOpenJPEG.2017.vcxproj", "{E3536C28-A7F1-4B53-8E52-7D2232F9E098}"
EndProject
Project("{8BC9CEB8-8B4A-11D0-8D11-00A0C91BC942}") = "LibPNG", "dep\freeimage\Source\LibPNG\LibPNG.2017.vcxproj", "{7DB10B50-CE00-4D7A-B322-6824F05D2FCB}"
EndProject
Project("{8BC9CEB8-8B4A-11D0-8D11-00A0C91BC942}") = "LibRaw", "dep\freeimage\Source\LibRawLite\LibRawLite.2017.vcxproj", "{07F662C1-1323-42AB-B6AF-FBFD34A7437A}"
EndProject
Project("{8BC9CEB8-8B4A-11D0-8D11-00A0C91BC942}") = "LibTIFF4", "dep\freeimage\Source\LibTIFF4\LibTIFF4.2017.vcxproj", "{EC085CBD-E9C3-477F-9A97-CB9D5DA30E27}"
EndProject
Project("{8BC9CEB8-8B4A-11D0-8D11-00A0C91BC942}") = "LibWebP", "dep\freeimage\Source\LibWebP\LibWebP.2017.vcxproj", "{097D9F6C-FD0E-4CBC-9676-009012AAECA8}"
EndProject
Project("{8BC9CEB8-8B4A-11D0-8D11-00A0C91BC942}") = "OpenEXR", "dep\freeimage\Source\OpenEXR\OpenEXR.2017.vcxproj", "{17A4874B-0606-4687-90B6-F91F8CB3B8AF}"
EndProject
Project("{8BC9CEB8-8B4A-11D0-8D11-00A0C91BC942}") = "ZLib", "dep\freeimage\Source\ZLib\ZLib.2017.vcxproj", "{33134F61-C1AD-4B6F-9CEA-503A9F140C52}"
EndProject
Global
	GlobalSection(SolutionConfigurationPlatforms) = preSolution
		Debug|ARM = Debug|ARM
		Debug|ARM64 = Debug|ARM64
		Debug|x64 = Debug|x64
		Debug|x86 = Debug|x86
		MinSizeRel|ARM = MinSizeRel|ARM
		MinSizeRel|ARM64 = MinSizeRel|ARM64
		MinSizeRel|x64 = MinSizeRel|x64
		MinSizeRel|x86 = MinSizeRel|x86
		Release|ARM = Release|ARM
		Release|ARM64 = Release|ARM64
		Release|x64 = Release|x64
		Release|x86 = Release|x86
		RelWithDebInfo|ARM = RelWithDebInfo|ARM
		RelWithDebInfo|ARM64 = RelWithDebInfo|ARM64
		RelWithDebInfo|x64 = RelWithDebInfo|x64
		RelWithDebInfo|x86 = RelWithDebInfo|x86
	EndGlobalSection
	GlobalSection(ProjectConfigurationPlatforms) = postSolution
		{CB26FC41-2F9A-3F59-81C5-65ABBB86CA93}.Debug|ARM.ActiveCfg = Debug|x64
		{CB26FC41-2F9A-3F59-81C5-65ABBB86CA93}.Debug|ARM.Build.0 = Debug|x64
		{CB26FC41-2F9A-3F59-81C5-65ABBB86CA93}.Debug|ARM64.ActiveCfg = Debug|x64
		{CB26FC41-2F9A-3F59-81C5-65ABBB86CA93}.Debug|ARM64.Build.0 = Debug|x64
		{CB26FC41-2F9A-3F59-81C5-65ABBB86CA93}.Debug|x64.ActiveCfg = Debug|x64
		{CB26FC41-2F9A-3F59-81C5-65ABBB86CA93}.Debug|x64.Build.0 = Debug|x64
		{CB26FC41-2F9A-3F59-81C5-65ABBB86CA93}.Debug|x86.ActiveCfg = Debug|x64
		{CB26FC41-2F9A-3F59-81C5-65ABBB86CA93}.Debug|x86.Build.0 = Debug|x64
		{CB26FC41-2F9A-3F59-81C5-65ABBB86CA93}.MinSizeRel|ARM.ActiveCfg = MinSizeRel|x64
		{CB26FC41-2F9A-3F59-81C5-65ABBB86CA93}.MinSizeRel|ARM.Build.0 = MinSizeRel|x64
		{CB26FC41-2F9A-3F59-81C5-65ABBB86CA93}.MinSizeRel|ARM64.ActiveCfg = MinSizeRel|x64
		{CB26FC41-2F9A-3F59-81C5-65ABBB86CA93}.MinSizeRel|ARM64.Build.0 = MinSizeRel|x64
		{CB26FC41-2F9A-3F59-81C5-65ABBB86CA93}.MinSizeRel|x64.ActiveCfg = MinSizeRel|x64
		{CB26FC41-2F9A-3F59-81C5-65ABBB86CA93}.MinSizeRel|x64.Build.0 = MinSizeRel|x64
		{CB26FC41-2F9A-3F59-81C5-65ABBB86CA93}.MinSizeRel|x86.ActiveCfg = MinSizeRel|x64
		{CB26FC41-2F9A-3F59-81C5-65ABBB86CA93}.MinSizeRel|x86.Build.0 = MinSizeRel|x64
		{CB26FC41-2F9A-3F59-81C5-65ABBB86CA93}.Release|ARM.ActiveCfg = Release|x64
		{CB26FC41-2F9A-3F59-81C5-65ABBB86CA93}.Release|ARM.Build.0 = Release|x64
		{CB26FC41-2F9A-3F59-81C5-65ABBB86CA93}.Release|ARM64.ActiveCfg = Release|x64
		{CB26FC41-2F9A-3F59-81C5-65ABBB86CA93}.Release|ARM64.Build.0 = Release|x64
		{CB26FC41-2F9A-3F59-81C5-65ABBB86CA93}.Release|x64.ActiveCfg = Release|x64
		{CB26FC41-2F9A-3F59-81C5-65ABBB86CA93}.Release|x64.Build.0 = Release|x64
		{CB26FC41-2F9A-3F59-81C5-65ABBB86CA93}.Release|x86.ActiveCfg = Release|x64
		{CB26FC41-2F9A-3F59-81C5-65ABBB86CA93}.Release|x86.Build.0 = Release|x64
		{CB26FC41-2F9A-3F59-81C5-65ABBB86CA93}.RelWithDebInfo|ARM.ActiveCfg = RelWithDebInfo|x64
		{CB26FC41-2F9A-3F59-81C5-65ABBB86CA93}.RelWithDebInfo|ARM.Build.0 = RelWithDebInfo|x64
		{CB26FC41-2F9A-3F59-81C5-65ABBB86CA93}.RelWithDebInfo|ARM64.ActiveCfg = RelWithDebInfo|x64
		{CB26FC41-2F9A-3F59-81C5-65ABBB86CA93}.RelWithDebInfo|ARM64.Build.0 = RelWithDebInfo|x64
		{CB26FC41-2F9A-3F59-81C5-65ABBB86CA93}.RelWithDebInfo|x64.ActiveCfg = RelWithDebInfo|x64
		{CB26FC41-2F9A-3F59-81C5-65ABBB86CA93}.RelWithDebInfo|x64.Build.0 = RelWithDebInfo|x64
		{CB26FC41-2F9A-3F59-81C5-65ABBB86CA93}.RelWithDebInfo|x86.ActiveCfg = RelWithDebInfo|x64
		{CB26FC41-2F9A-3F59-81C5-65ABBB86CA93}.RelWithDebInfo|x86.Build.0 = RelWithDebInfo|x64
		{C3287B08-43C2-3DAF-A3E4-C2579C79A907}.Debug|ARM.ActiveCfg = Debug|x64
		{C3287B08-43C2-3DAF-A3E4-C2579C79A907}.Debug|ARM.Build.0 = Debug|x64
		{C3287B08-43C2-3DAF-A3E4-C2579C79A907}.Debug|ARM64.ActiveCfg = Debug|x64
		{C3287B08-43C2-3DAF-A3E4-C2579C79A907}.Debug|ARM64.Build.0 = Debug|x64
		{C3287B08-43C2-3DAF-A3E4-C2579C79A907}.Debug|x64.ActiveCfg = Debug|x64
		{C3287B08-43C2-3DAF-A3E4-C2579C79A907}.Debug|x64.Build.0 = Debug|x64
		{C3287B08-43C2-3DAF-A3E4-C2579C79A907}.Debug|x86.ActiveCfg = Debug|x64
		{C3287B08-43C2-3DAF-A3E4-C2579C79A907}.Debug|x86.Build.0 = Debug|x64
		{C3287B08-43C2-3DAF-A3E4-C2579C79A907}.MinSizeRel|ARM.ActiveCfg = MinSizeRel|x64
		{C3287B08-43C2-3DAF-A3E4-C2579C79A907}.MinSizeRel|ARM.Build.0 = MinSizeRel|x64
		{C3287B08-43C2-3DAF-A3E4-C2579C79A907}.MinSizeRel|ARM64.ActiveCfg = MinSizeRel|x64
		{C3287B08-43C2-3DAF-A3E4-C2579C79A907}.MinSizeRel|ARM64.Build.0 = MinSizeRel|x64
		{C3287B08-43C2-3DAF-A3E4-C2579C79A907}.MinSizeRel|x64.ActiveCfg = MinSizeRel|x64
		{C3287B08-43C2-3DAF-A3E4-C2579C79A907}.MinSizeRel|x64.Build.0 = MinSizeRel|x64
		{C3287B08-43C2-3DAF-A3E4-C2579C79A907}.MinSizeRel|x86.ActiveCfg = MinSizeRel|x64
		{C3287B08-43C2-3DAF-A3E4-C2579C79A907}.MinSizeRel|x86.Build.0 = MinSizeRel|x64
		{C3287B08-43C2-3DAF-A3E4-C2579C79A907}.Release|ARM.ActiveCfg = Release|x64
		{C3287B08-43C2-3DAF-A3E4-C2579C79A907}.Release|ARM.Build.0 = Release|x64
		{C3287B08-43C2-3DAF-A3E4-C2579C79A907}.Release|ARM64.ActiveCfg = Release|x64
		{C3287B08-43C2-3DAF-A3E4-C2579C79A907}.Release|ARM64.Build.0 = Release|x64
		{C3287B08-43C2-3DAF-A3E4-C2579C79A907}.Release|x64.ActiveCfg = Release|x64
		{C3287B08-43C2-3DAF-A3E4-C2579C79A907}.Release|x64.Build.0 = Release|x64
		{C3287B08-43C2-3DAF-A3E4-C2579C79A907}.Release|x86.ActiveCfg = Release|x64
		{C3287B08-43C2-3DAF-A3E4-C2579C79A907}.Release|x86.Build.0 = Release|x64
		{C3287B08-43C2-3DAF-A3E4-C2579C79A907}.RelWithDebInfo|ARM.ActiveCfg = RelWithDebInfo|x64
		{C3287B08-43C2-3DAF-A3E4-C2579C79A907}.RelWithDebInfo|ARM.Build.0 = RelWithDebInfo|x64
		{C3287B08-43C2-3DAF-A3E4-C2579C79A907}.RelWithDebInfo|ARM64.ActiveCfg = RelWithDebInfo|x64
		{C3287B08-43C2-3DAF-A3E4-C2579C79A907}.RelWithDebInfo|ARM64.Build.0 = RelWithDebInfo|x64
		{C3287B08-43C2-3DAF-A3E4-C2579C79A907}.RelWithDebInfo|x64.ActiveCfg = RelWithDebInfo|x64
		{C3287B08-43C2-3DAF-A3E4-C2579C79A907}.RelWithDebInfo|x64.Build.0 = RelWithDebInfo|x64
		{C3287B08-43C2-3DAF-A3E4-C2579C79A907}.RelWithDebInfo|x86.ActiveCfg = RelWithDebInfo|x64
		{C3287B08-43C2-3DAF-A3E4-C2579C79A907}.RelWithDebInfo|x86.Build.0 = RelWithDebInfo|x64
		{8B98077E-B7E6-3E1A-8662-F4FBA4C3F426}.Debug|ARM.ActiveCfg = Debug|x64
		{8B98077E-B7E6-3E1A-8662-F4FBA4C3F426}.Debug|ARM.Build.0 = Debug|x64
		{8B98077E-B7E6-3E1A-8662-F4FBA4C3F426}.Debug|ARM64.ActiveCfg = Debug|x64
		{8B98077E-B7E6-3E1A-8662-F4FBA4C3F426}.Debug|ARM64.Build.0 = Debug|x64
		{8B98077E-B7E6-3E1A-8662-F4FBA4C3F426}.Debug|x64.ActiveCfg = Debug|x64
		{8B98077E-B7E6-3E1A-8662-F4FBA4C3F426}.Debug|x64.Build.0 = Debug|x64
		{8B98077E-B7E6-3E1A-8662-F4FBA4C3F426}.Debug|x86.ActiveCfg = Debug|x64
		{8B98077E-B7E6-3E1A-8662-F4FBA4C3F426}.Debug|x86.Build.0 = Debug|x64
		{8B98077E-B7E6-3E1A-8662-F4FBA4C3F426}.MinSizeRel|ARM.ActiveCfg = MinSizeRel|x64
		{8B98077E-B7E6-3E1A-8662-F4FBA4C3F426}.MinSizeRel|ARM.Build.0 = MinSizeRel|x64
		{8B98077E-B7E6-3E1A-8662-F4FBA4C3F426}.MinSizeRel|ARM64.ActiveCfg = MinSizeRel|x64
		{8B98077E-B7E6-3E1A-8662-F4FBA4C3F426}.MinSizeRel|ARM64.Build.0 = MinSizeRel|x64
		{8B98077E-B7E6-3E1A-8662-F4FBA4C3F426}.MinSizeRel|x64.ActiveCfg = MinSizeRel|x64
		{8B98077E-B7E6-3E1A-8662-F4FBA4C3F426}.MinSizeRel|x64.Build.0 = MinSizeRel|x64
		{8B98077E-B7E6-3E1A-8662-F4FBA4C3F426}.MinSizeRel|x86.ActiveCfg = MinSizeRel|x64
		{8B98077E-B7E6-3E1A-8662-F4FBA4C3F426}.MinSizeRel|x86.Build.0 = MinSizeRel|x64
		{8B98077E-B7E6-3E1A-8662-F4FBA4C3F426}.Release|ARM.ActiveCfg = Release|x64
		{8B98077E-B7E6-3E1A-8662-F4FBA4C3F426}.Release|ARM.Build.0 = Release|x64
		{8B98077E-B7E6-3E1A-8662-F4FBA4C3F426}.Release|ARM64.ActiveCfg = Release|x64
		{8B98077E-B7E6-3E1A-8662-F4FBA4C3F426}.Release|ARM64.Build.0 = Release|x64
		{8B98077E-B7E6-3E1A-8662-F4FBA4C3F426}.Release|x64.ActiveCfg = Release|x64
		{8B98077E-B7E6-3E1A-8662-F4FBA4C3F426}.Release|x64.Build.0 = Release|x64
		{8B98077E-B7E6-3E1A-8662-F4FBA4C3F426}.Release|x86.ActiveCfg = Release|x64
		{8B98077E-B7E6-3E1A-8662-F4FBA4C3F426}.Release|x86.Build.0 = Release|x64
		{8B98077E-B7E6-3E1A-8662-F4FBA4C3F426}.RelWithDebInfo|ARM.ActiveCfg = RelWithDebInfo|x64
		{8B98077E-B7E6-3E1A-8662-F4FBA4C3F426}.RelWithDebInfo|ARM.Build.0 = RelWithDebInfo|x64
		{8B98077E-B7E6-3E1A-8662-F4FBA4C3F426}.RelWithDebInfo|ARM64.ActiveCfg = RelWithDebInfo|x64
		{8B98077E-B7E6-3E1A-8662-F4FBA4C3F426}.RelWithDebInfo|ARM64.Build.0 = RelWithDebInfo|x64
		{8B98077E-B7E6-3E1A-8662-F4FBA4C3F426}.RelWithDebInfo|x64.ActiveCfg = RelWithDebInfo|x64
		{8B98077E-B7E6-3E1A-8662-F4FBA4C3F426}.RelWithDebInfo|x64.Build.0 = RelWithDebInfo|x64
		{8B98077E-B7E6-3E1A-8662-F4FBA4C3F426}.RelWithDebInfo|x86.ActiveCfg = RelWithDebInfo|x64
		{8B98077E-B7E6-3E1A-8662-F4FBA4C3F426}.RelWithDebInfo|x86.Build.0 = RelWithDebInfo|x64
		{102BC1C7-0768-3AEB-A59C-D93F6007AA17}.Debug|ARM.ActiveCfg = Debug|x64
		{102BC1C7-0768-3AEB-A59C-D93F6007AA17}.Debug|ARM.Build.0 = Debug|x64
		{102BC1C7-0768-3AEB-A59C-D93F6007AA17}.Debug|ARM64.ActiveCfg = Debug|x64
		{102BC1C7-0768-3AEB-A59C-D93F6007AA17}.Debug|ARM64.Build.0 = Debug|x64
		{102BC1C7-0768-3AEB-A59C-D93F6007AA17}.Debug|x64.ActiveCfg = Debug|x64
		{102BC1C7-0768-3AEB-A59C-D93F6007AA17}.Debug|x64.Build.0 = Debug|x64
		{102BC1C7-0768-3AEB-A59C-D93F6007AA17}.Debug|x86.ActiveCfg = Debug|x64
		{102BC1C7-0768-3AEB-A59C-D93F6007AA17}.Debug|x86.Build.0 = Debug|x64
		{102BC1C7-0768-3AEB-A59C-D93F6007AA17}.MinSizeRel|ARM.ActiveCfg = MinSizeRel|x64
		{102BC1C7-0768-3AEB-A59C-D93F6007AA17}.MinSizeRel|ARM.Build.0 = MinSizeRel|x64
		{102BC1C7-0768-3AEB-A59C-D93F6007AA17}.MinSizeRel|ARM64.ActiveCfg = MinSizeRel|x64
		{102BC1C7-0768-3AEB-A59C-D93F6007AA17}.MinSizeRel|ARM64.Build.0 = MinSizeRel|x64
		{102BC1C7-0768-3AEB-A59C-D93F6007AA17}.MinSizeRel|x64.ActiveCfg = MinSizeRel|x64
		{102BC1C7-0768-3AEB-A59C-D93F6007AA17}.MinSizeRel|x64.Build.0 = MinSizeRel|x64
		{102BC1C7-0768-3AEB-A59C-D93F6007AA17}.MinSizeRel|x86.ActiveCfg = MinSizeRel|x64
		{102BC1C7-0768-3AEB-A59C-D93F6007AA17}.MinSizeRel|x86.Build.0 = MinSizeRel|x64
		{102BC1C7-0768-3AEB-A59C-D93F6007AA17}.Release|ARM.ActiveCfg = Release|x64
		{102BC1C7-0768-3AEB-A59C-D93F6007AA17}.Release|ARM.Build.0 = Release|x64
		{102BC1C7-0768-3AEB-A59C-D93F6007AA17}.Release|ARM64.ActiveCfg = Release|x64
		{102BC1C7-0768-3AEB-A59C-D93F6007AA17}.Release|ARM64.Build.0 = Release|x64
		{102BC1C7-0768-3AEB-A59C-D93F6007AA17}.Release|x64.ActiveCfg = Release|x64
		{102BC1C7-0768-3AEB-A59C-D93F6007AA17}.Release|x64.Build.0 = Release|x64
		{102BC1C7-0768-3AEB-A59C-D93F6007AA17}.Release|x86.ActiveCfg = Release|x64
		{102BC1C7-0768-3AEB-A59C-D93F6007AA17}.Release|x86.Build.0 = Release|x64
		{102BC1C7-0768-3AEB-A59C-D93F6007AA17}.RelWithDebInfo|ARM.ActiveCfg = RelWithDebInfo|x64
		{102BC1C7-0768-3AEB-A59C-D93F6007AA17}.RelWithDebInfo|ARM.Build.0 = RelWithDebInfo|x64
		{102BC1C7-0768-3AEB-A59C-D93F6007AA17}.RelWithDebInfo|ARM64.ActiveCfg = RelWithDebInfo|x64
		{102BC1C7-0768-3AEB-A59C-D93F6007AA17}.RelWithDebInfo|ARM64.Build.0 = RelWithDebInfo|x64
		{102BC1C7-0768-3AEB-A59C-D93F6007AA17}.RelWithDebInfo|x64.ActiveCfg = RelWithDebInfo|x64
		{102BC1C7-0768-3AEB-A59C-D93F6007AA17}.RelWithDebInfo|x64.Build.0 = RelWithDebInfo|x64
		{102BC1C7-0768-3AEB-A59C-D93F6007AA17}.RelWithDebInfo|x86.ActiveCfg = RelWithDebInfo|x64
		{102BC1C7-0768-3AEB-A59C-D93F6007AA17}.RelWithDebInfo|x86.Build.0 = RelWithDebInfo|x64
		{9C7CFCB8-5E5D-3F8E-A535-7F40437622E7}.Debug|ARM.ActiveCfg = Debug|x64
		{9C7CFCB8-5E5D-3F8E-A535-7F40437622E7}.Debug|ARM.Build.0 = Debug|x64
		{9C7CFCB8-5E5D-3F8E-A535-7F40437622E7}.Debug|ARM64.ActiveCfg = Debug|x64
		{9C7CFCB8-5E5D-3F8E-A535-7F40437622E7}.Debug|ARM64.Build.0 = Debug|x64
		{9C7CFCB8-5E5D-3F8E-A535-7F40437622E7}.Debug|x64.ActiveCfg = Debug|x64
		{9C7CFCB8-5E5D-3F8E-A535-7F40437622E7}.Debug|x64.Build.0 = Debug|x64
		{9C7CFCB8-5E5D-3F8E-A535-7F40437622E7}.Debug|x86.ActiveCfg = Debug|x64
		{9C7CFCB8-5E5D-3F8E-A535-7F40437622E7}.Debug|x86.Build.0 = Debug|x64
		{9C7CFCB8-5E5D-3F8E-A535-7F40437622E7}.MinSizeRel|ARM.ActiveCfg = MinSizeRel|x64
		{9C7CFCB8-5E5D-3F8E-A535-7F40437622E7}.MinSizeRel|ARM.Build.0 = MinSizeRel|x64
		{9C7CFCB8-5E5D-3F8E-A535-7F40437622E7}.MinSizeRel|ARM64.ActiveCfg = MinSizeRel|x64
		{9C7CFCB8-5E5D-3F8E-A535-7F40437622E7}.MinSizeRel|ARM64.Build.0 = MinSizeRel|x64
		{9C7CFCB8-5E5D-3F8E-A535-7F40437622E7}.MinSizeRel|x64.ActiveCfg = MinSizeRel|x64
		{9C7CFCB8-5E5D-3F8E-A535-7F40437622E7}.MinSizeRel|x64.Build.0 = MinSizeRel|x64
		{9C7CFCB8-5E5D-3F8E-A535-7F40437622E7}.MinSizeRel|x86.ActiveCfg = MinSizeRel|x64
		{9C7CFCB8-5E5D-3F8E-A535-7F40437622E7}.MinSizeRel|x86.Build.0 = MinSizeRel|x64
		{9C7CFCB8-5E5D-3F8E-A535-7F40437622E7}.Release|ARM.ActiveCfg = Release|x64
		{9C7CFCB8-5E5D-3F8E-A535-7F40437622E7}.Release|ARM.Build.0 = Release|x64
		{9C7CFCB8-5E5D-3F8E-A535-7F40437622E7}.Release|ARM64.ActiveCfg = Release|x64
		{9C7CFCB8-5E5D-3F8E-A535-7F40437622E7}.Release|ARM64.Build.0 = Release|x64
		{9C7CFCB8-5E5D-3F8E-A535-7F40437622E7}.Release|x64.ActiveCfg = Release|x64
		{9C7CFCB8-5E5D-3F8E-A535-7F40437622E7}.Release|x64.Build.0 = Release|x64
		{9C7CFCB8-5E5D-3F8E-A535-7F40437622E7}.Release|x86.ActiveCfg = Release|x64
		{9C7CFCB8-5E5D-3F8E-A535-7F40437622E7}.Release|x86.Build.0 = Release|x64
		{9C7CFCB8-5E5D-3F8E-A535-7F40437622E7}.RelWithDebInfo|ARM.ActiveCfg = RelWithDebInfo|x64
		{9C7CFCB8-5E5D-3F8E-A535-7F40437622E7}.RelWithDebInfo|ARM.Build.0 = RelWithDebInfo|x64
		{9C7CFCB8-5E5D-3F8E-A535-7F40437622E7}.RelWithDebInfo|ARM64.ActiveCfg = RelWithDebInfo|x64
		{9C7CFCB8-5E5D-3F8E-A535-7F40437622E7}.RelWithDebInfo|ARM64.Build.0 = RelWithDebInfo|x64
		{9C7CFCB8-5E5D-3F8E-A535-7F40437622E7}.RelWithDebInfo|x64.ActiveCfg = RelWithDebInfo|x64
		{9C7CFCB8-5E5D-3F8E-A535-7F40437622E7}.RelWithDebInfo|x64.Build.0 = RelWithDebInfo|x64
		{9C7CFCB8-5E5D-3F8E-A535-7F40437622E7}.RelWithDebInfo|x86.ActiveCfg = RelWithDebInfo|x64
		{9C7CFCB8-5E5D-3F8E-A535-7F40437622E7}.RelWithDebInfo|x86.Build.0 = RelWithDebInfo|x64
		{9E219DF2-315D-478E-8A07-8960C377CE1E}.Debug|ARM.ActiveCfg = Debug|x64
		{9E219DF2-315D-478E-8A07-8960C377CE1E}.Debug|ARM.Build.0 = Debug|x64
		{9E219DF2-315D-478E-8A07-8960C377CE1E}.Debug|ARM64.ActiveCfg = Debug|x64
		{9E219DF2-315D-478E-8A07-8960C377CE1E}.Debug|ARM64.Build.0 = Debug|x64
		{9E219DF2-315D-478E-8A07-8960C377CE1E}.Debug|x64.ActiveCfg = Debug|x64
		{9E219DF2-315D-478E-8A07-8960C377CE1E}.Debug|x64.Build.0 = Debug|x64
		{9E219DF2-315D-478E-8A07-8960C377CE1E}.Debug|x86.ActiveCfg = Debug|Win32
		{9E219DF2-315D-478E-8A07-8960C377CE1E}.Debug|x86.Build.0 = Debug|Win32
		{9E219DF2-315D-478E-8A07-8960C377CE1E}.MinSizeRel|ARM.ActiveCfg = Debug|x64
		{9E219DF2-315D-478E-8A07-8960C377CE1E}.MinSizeRel|ARM.Build.0 = Debug|x64
		{9E219DF2-315D-478E-8A07-8960C377CE1E}.MinSizeRel|ARM64.ActiveCfg = Debug|x64
		{9E219DF2-315D-478E-8A07-8960C377CE1E}.MinSizeRel|ARM64.Build.0 = Debug|x64
		{9E219DF2-315D-478E-8A07-8960C377CE1E}.MinSizeRel|x64.ActiveCfg = Debug|x64
		{9E219DF2-315D-478E-8A07-8960C377CE1E}.MinSizeRel|x64.Build.0 = Debug|x64
		{9E219DF2-315D-478E-8A07-8960C377CE1E}.MinSizeRel|x86.ActiveCfg = Debug|Win32
		{9E219DF2-315D-478E-8A07-8960C377CE1E}.MinSizeRel|x86.Build.0 = Debug|Win32
		{9E219DF2-315D-478E-8A07-8960C377CE1E}.Release|ARM.ActiveCfg = Release|x64
		{9E219DF2-315D-478E-8A07-8960C377CE1E}.Release|ARM.Build.0 = Release|x64
		{9E219DF2-315D-478E-8A07-8960C377CE1E}.Release|ARM64.ActiveCfg = Release|x64
		{9E219DF2-315D-478E-8A07-8960C377CE1E}.Release|ARM64.Build.0 = Release|x64
		{9E219DF2-315D-478E-8A07-8960C377CE1E}.Release|x64.ActiveCfg = Release|x64
		{9E219DF2-315D-478E-8A07-8960C377CE1E}.Release|x64.Build.0 = Release|x64
		{9E219DF2-315D-478E-8A07-8960C377CE1E}.Release|x86.ActiveCfg = Release|Win32
		{9E219DF2-315D-478E-8A07-8960C377CE1E}.Release|x86.Build.0 = Release|Win32
		{9E219DF2-315D-478E-8A07-8960C377CE1E}.RelWithDebInfo|ARM.ActiveCfg = Release|x64
		{9E219DF2-315D-478E-8A07-8960C377CE1E}.RelWithDebInfo|ARM.Build.0 = Release|x64
		{9E219DF2-315D-478E-8A07-8960C377CE1E}.RelWithDebInfo|ARM64.ActiveCfg = Release|x64
		{9E219DF2-315D-478E-8A07-8960C377CE1E}.RelWithDebInfo|ARM64.Build.0 = Release|x64
		{9E219DF2-315D-478E-8A07-8960C377CE1E}.RelWithDebInfo|x64.ActiveCfg = Release|x64
		{9E219DF2-315D-478E-8A07-8960C377CE1E}.RelWithDebInfo|x64.Build.0 = Release|x64
		{9E219DF2-315D-478E-8A07-8960C377CE1E}.RelWithDebInfo|x86.ActiveCfg = Release|Win32
		{9E219DF2-315D-478E-8A07-8960C377CE1E}.RelWithDebInfo|x86.Build.0 = Release|Win32
		{5E1D4E5F-E10C-4BA3-B663-F33014FD21D9}.Debug|ARM.ActiveCfg = Debug|x64
		{5E1D4E5F-E10C-4BA3-B663-F33014FD21D9}.Debug|ARM.Build.0 = Debug|x64
		{5E1D4E5F-E10C-4BA3-B663-F33014FD21D9}.Debug|ARM64.ActiveCfg = Debug|x64
		{5E1D4E5F-E10C-4BA3-B663-F33014FD21D9}.Debug|ARM64.Build.0 = Debug|x64
		{5E1D4E5F-E10C-4BA3-B663-F33014FD21D9}.Debug|x64.ActiveCfg = Debug|x64
		{5E1D4E5F-E10C-4BA3-B663-F33014FD21D9}.Debug|x64.Build.0 = Debug|x64
		{5E1D4E5F-E10C-4BA3-B663-F33014FD21D9}.Debug|x86.ActiveCfg = Debug|Win32
		{5E1D4E5F-E10C-4BA3-B663-F33014FD21D9}.Debug|x86.Build.0 = Debug|Win32
		{5E1D4E5F-E10C-4BA3-B663-F33014FD21D9}.MinSizeRel|ARM.ActiveCfg = Debug|x64
		{5E1D4E5F-E10C-4BA3-B663-F33014FD21D9}.MinSizeRel|ARM.Build.0 = Debug|x64
		{5E1D4E5F-E10C-4BA3-B663-F33014FD21D9}.MinSizeRel|ARM64.ActiveCfg = Debug|x64
		{5E1D4E5F-E10C-4BA3-B663-F33014FD21D9}.MinSizeRel|ARM64.Build.0 = Debug|x64
		{5E1D4E5F-E10C-4BA3-B663-F33014FD21D9}.MinSizeRel|x64.ActiveCfg = Debug|x64
		{5E1D4E5F-E10C-4BA3-B663-F33014FD21D9}.MinSizeRel|x64.Build.0 = Debug|x64
		{5E1D4E5F-E10C-4BA3-B663-F33014FD21D9}.MinSizeRel|x86.ActiveCfg = Debug|Win32
		{5E1D4E5F-E10C-4BA3-B663-F33014FD21D9}.MinSizeRel|x86.Build.0 = Debug|Win32
		{5E1D4E5F-E10C-4BA3-B663-F33014FD21D9}.Release|ARM.ActiveCfg = Release|x64
		{5E1D4E5F-E10C-4BA3-B663-F33014FD21D9}.Release|ARM.Build.0 = Release|x64
		{5E1D4E5F-E10C-4BA3-B663-F33014FD21D9}.Release|ARM64.ActiveCfg = Release|x64
		{5E1D4E5F-E10C-4BA3-B663-F33014FD21D9}.Release|ARM64.Build.0 = Release|x64
		{5E1D4E5F-E10C-4BA3-B663-F33014FD21D9}.Release|x64.ActiveCfg = Release|x64
		{5E1D4E5F-E10C-4BA3-B663-F33014FD21D9}.Release|x64.Build.0 = Release|x64
		{5E1D4E5F-E10C-4BA3-B663-F33014FD21D9}.Release|x86.ActiveCfg = Release|Win32
		{5E1D4E5F-E10C-4BA3-B663-F33014FD21D9}.Release|x86.Build.0 = Release|Win32
		{5E1D4E5F-E10C-4BA3-B663-F33014FD21D9}.RelWithDebInfo|ARM.ActiveCfg = Release|x64
		{5E1D4E5F-E10C-4BA3-B663-F33014FD21D9}.RelWithDebInfo|ARM.Build.0 = Release|x64
		{5E1D4E5F-E10C-4BA3-B663-F33014FD21D9}.RelWithDebInfo|ARM64.ActiveCfg = Release|x64
		{5E1D4E5F-E10C-4BA3-B663-F33014FD21D9}.RelWithDebInfo|ARM64.Build.0 = Release|x64
		{5E1D4E5F-E10C-4BA3-B663-F33014FD21D9}.RelWithDebInfo|x64.ActiveCfg = Release|x64
		{5E1D4E5F-E10C-4BA3-B663-F33014FD21D9}.RelWithDebInfo|x64.Build.0 = Release|x64
		{5E1D4E5F-E10C-4BA3-B663-F33014FD21D9}.RelWithDebInfo|x86.ActiveCfg = Release|Win32
		{5E1D4E5F-E10C-4BA3-B663-F33014FD21D9}.RelWithDebInfo|x86.Build.0 = Release|Win32
		{244455E0-5F25-4451-9540-F317883E52A8}.Debug|ARM.ActiveCfg = Debug|x64
		{244455E0-5F25-4451-9540-F317883E52A8}.Debug|ARM.Build.0 = Debug|x64
		{244455E0-5F25-4451-9540-F317883E52A8}.Debug|ARM64.ActiveCfg = Debug|x64
		{244455E0-5F25-4451-9540-F317883E52A8}.Debug|ARM64.Build.0 = Debug|x64
		{244455E0-5F25-4451-9540-F317883E52A8}.Debug|x64.ActiveCfg = Debug|x64
		{244455E0-5F25-4451-9540-F317883E52A8}.Debug|x64.Build.0 = Debug|x64
		{244455E0-5F25-4451-9540-F317883E52A8}.Debug|x86.ActiveCfg = Debug|Win32
		{244455E0-5F25-4451-9540-F317883E52A8}.Debug|x86.Build.0 = Debug|Win32
		{244455E0-5F25-4451-9540-F317883E52A8}.MinSizeRel|ARM.ActiveCfg = Debug|x64
		{244455E0-5F25-4451-9540-F317883E52A8}.MinSizeRel|ARM.Build.0 = Debug|x64
		{244455E0-5F25-4451-9540-F317883E52A8}.MinSizeRel|ARM64.ActiveCfg = Debug|x64
		{244455E0-5F25-4451-9540-F317883E52A8}.MinSizeRel|ARM64.Build.0 = Debug|x64
		{244455E0-5F25-4451-9540-F317883E52A8}.MinSizeRel|x64.ActiveCfg = Debug|x64
		{244455E0-5F25-4451-9540-F317883E52A8}.MinSizeRel|x64.Build.0 = Debug|x64
		{244455E0-5F25-4451-9540-F317883E52A8}.MinSizeRel|x86.ActiveCfg = Debug|Win32
		{244455E0-5F25-4451-9540-F317883E52A8}.MinSizeRel|x86.Build.0 = Debug|Win32
		{244455E0-5F25-4451-9540-F317883E52A8}.Release|ARM.ActiveCfg = Release|x64
		{244455E0-5F25-4451-9540-F317883E52A8}.Release|ARM.Build.0 = Release|x64
		{244455E0-5F25-4451-9540-F317883E52A8}.Release|ARM64.ActiveCfg = Release|x64
		{244455E0-5F25-4451-9540-F317883E52A8}.Release|ARM64.Build.0 = Release|x64
		{244455E0-5F25-4451-9540-F317883E52A8}.Release|x64.ActiveCfg = Release|x64
		{244455E0-5F25-4451-9540-F317883E52A8}.Release|x64.Build.0 = Release|x64
		{244455E0-5F25-4451-9540-F317883E52A8}.Release|x86.ActiveCfg = Release|Win32
		{244455E0-5F25-4451-9540-F317883E52A8}.Release|x86.Build.0 = Release|Win32
		{244455E0-5F25-4451-9540-F317883E52A8}.RelWithDebInfo|ARM.ActiveCfg = Release|x64
		{244455E0-5F25-4451-9540-F317883E52A8}.RelWithDebInfo|ARM.Build.0 = Release|x64
		{244455E0-5F25-4451-9540-F317883E52A8}.RelWithDebInfo|ARM64.ActiveCfg = Release|x64
		{244455E0-5F25-4451-9540-F317883E52A8}.RelWithDebInfo|ARM64.Build.0 = Release|x64
		{244455E0-5F25-4451-9540-F317883E52A8}.RelWithDebInfo|x64.ActiveCfg = Release|x64
		{244455E0-5F25-4451-9540-F317883E52A8}.RelWithDebInfo|x64.Build.0 = Release|x64
		{244455E0-5F25-4451-9540-F317883E52A8}.RelWithDebInfo|x86.ActiveCfg = Release|Win32
		{244455E0-5F25-4451-9540-F317883E52A8}.RelWithDebInfo|x86.Build.0 = Release|Win32
		{E3536C28-A7F1-4B53-8E52-7D2232F9E098}.Debug|ARM.ActiveCfg = Debug|x64
		{E3536C28-A7F1-4B53-8E52-7D2232F9E098}.Debug|ARM.Build.0 = Debug|x64
		{E3536C28-A7F1-4B53-8E52-7D2232F9E098}.Debug|ARM64.ActiveCfg = Debug|x64
		{E3536C28-A7F1-4B53-8E52-7D2232F9E098}.Debug|ARM64.Build.0 = Debug|x64
		{E3536C28-A7F1-4B53-8E52-7D2232F9E098}.Debug|x64.ActiveCfg = Debug|x64
		{E3536C28-A7F1-4B53-8E52-7D2232F9E098}.Debug|x64.Build.0 = Debug|x64
		{E3536C28-A7F1-4B53-8E52-7D2232F9E098}.Debug|x86.ActiveCfg = Debug|Win32
		{E3536C28-A7F1-4B53-8E52-7D2232F9E098}.Debug|x86.Build.0 = Debug|Win32
		{E3536C28-A7F1-4B53-8E52-7D2232F9E098}.MinSizeRel|ARM.ActiveCfg = Debug|x64
		{E3536C28-A7F1-4B53-8E52-7D2232F9E098}.MinSizeRel|ARM.Build.0 = Debug|x64
		{E3536C28-A7F1-4B53-8E52-7D2232F9E098}.MinSizeRel|ARM64.ActiveCfg = Debug|x64
		{E3536C28-A7F1-4B53-8E52-7D2232F9E098}.MinSizeRel|ARM64.Build.0 = Debug|x64
		{E3536C28-A7F1-4B53-8E52-7D2232F9E098}.MinSizeRel|x64.ActiveCfg = Debug|x64
		{E3536C28-A7F1-4B53-8E52-7D2232F9E098}.MinSizeRel|x64.Build.0 = Debug|x64
		{E3536C28-A7F1-4B53-8E52-7D2232F9E098}.MinSizeRel|x86.ActiveCfg = Debug|Win32
		{E3536C28-A7F1-4B53-8E52-7D2232F9E098}.MinSizeRel|x86.Build.0 = Debug|Win32
		{E3536C28-A7F1-4B53-8E52-7D2232F9E098}.Release|ARM.ActiveCfg = Release|x64
		{E3536C28-A7F1-4B53-8E52-7D2232F9E098}.Release|ARM.Build.0 = Release|x64
		{E3536C28-A7F1-4B53-8E52-7D2232F9E098}.Release|ARM64.ActiveCfg = Release|x64
		{E3536C28-A7F1-4B53-8E52-7D2232F9E098}.Release|ARM64.Build.0 = Release|x64
		{E3536C28-A7F1-4B53-8E52-7D2232F9E098}.Release|x64.ActiveCfg = Release|x64
		{E3536C28-A7F1-4B53-8E52-7D2232F9E098}.Release|x64.Build.0 = Release|x64
		{E3536C28-A7F1-4B53-8E52-7D2232F9E098}.Release|x86.ActiveCfg = Release|Win32
		{E3536C28-A7F1-4B53-8E52-7D2232F9E098}.Release|x86.Build.0 = Release|Win32
		{E3536C28-A7F1-4B53-8E52-7D2232F9E098}.RelWithDebInfo|ARM.ActiveCfg = Release|x64
		{E3536C28-A7F1-4B53-8E52-7D2232F9E098}.RelWithDebInfo|ARM.Build.0 = Release|x64
		{E3536C28-A7F1-4B53-8E52-7D2232F9E098}.RelWithDebInfo|ARM64.ActiveCfg = Release|x64
		{E3536C28-A7F1-4B53-8E52-7D2232F9E098}.RelWithDebInfo|ARM64.Build.0 = Release|x64
		{E3536C28-A7F1-4B53-8E52-7D2232F9E098}.RelWithDebInfo|x64.ActiveCfg = Release|x64
		{E3536C28-A7F1-4B53-8E52-7D2232F9E098}.RelWithDebInfo|x64.Build.0 = Release|x64
		{E3536C28-A7F1-4B53-8E52-7D2232F9E098}.RelWithDebInfo|x86.ActiveCfg = Release|Win32
		{E3536C28-A7F1-4B53-8E52-7D2232F9E098}.RelWithDebInfo|x86.Build.0 = Release|Win32
		{7DB10B50-CE00-4D7A-B322-6824F05D2FCB}.Debug|ARM.ActiveCfg = Debug|x64
		{7DB10B50-CE00-4D7A-B322-6824F05D2FCB}.Debug|ARM.Build.0 = Debug|x64
		{7DB10B50-CE00-4D7A-B322-6824F05D2FCB}.Debug|ARM64.ActiveCfg = Debug|x64
		{7DB10B50-CE00-4D7A-B322-6824F05D2FCB}.Debug|ARM64.Build.0 = Debug|x64
		{7DB10B50-CE00-4D7A-B322-6824F05D2FCB}.Debug|x64.ActiveCfg = Debug|x64
		{7DB10B50-CE00-4D7A-B322-6824F05D2FCB}.Debug|x64.Build.0 = Debug|x64
		{7DB10B50-CE00-4D7A-B322-6824F05D2FCB}.Debug|x86.ActiveCfg = Debug|Win32
		{7DB10B50-CE00-4D7A-B322-6824F05D2FCB}.Debug|x86.Build.0 = Debug|Win32
		{7DB10B50-CE00-4D7A-B322-6824F05D2FCB}.MinSizeRel|ARM.ActiveCfg = Debug|x64
		{7DB10B50-CE00-4D7A-B322-6824F05D2FCB}.MinSizeRel|ARM.Build.0 = Debug|x64
		{7DB10B50-CE00-4D7A-B322-6824F05D2FCB}.MinSizeRel|ARM64.ActiveCfg = Debug|x64
		{7DB10B50-CE00-4D7A-B322-6824F05D2FCB}.MinSizeRel|ARM64.Build.0 = Debug|x64
		{7DB10B50-CE00-4D7A-B322-6824F05D2FCB}.MinSizeRel|x64.ActiveCfg = Debug|x64
		{7DB10B50-CE00-4D7A-B322-6824F05D2FCB}.MinSizeRel|x64.Build.0 = Debug|x64
		{7DB10B50-CE00-4D7A-B322-6824F05D2FCB}.MinSizeRel|x86.ActiveCfg = Debug|Win32
		{7DB10B50-CE00-4D7A-B322-6824F05D2FCB}.MinSizeRel|x86.Build.0 = Debug|Win32
		{7DB10B50-CE00-4D7A-B322-6824F05D2FCB}.Release|ARM.ActiveCfg = Release|x64
		{7DB10B50-CE00-4D7A-B322-6824F05D2FCB}.Release|ARM.Build.0 = Release|x64
		{7DB10B50-CE00-4D7A-B322-6824F05D2FCB}.Release|ARM64.ActiveCfg = Release|x64
		{7DB10B50-CE00-4D7A-B322-6824F05D2FCB}.Release|ARM64.Build.0 = Release|x64
		{7DB10B50-CE00-4D7A-B322-6824F05D2FCB}.Release|x64.ActiveCfg = Release|x64
		{7DB10B50-CE00-4D7A-B322-6824F05D2FCB}.Release|x64.Build.0 = Release|x64
		{7DB10B50-CE00-4D7A-B322-6824F05D2FCB}.Release|x86.ActiveCfg = Release|Win32
		{7DB10B50-CE00-4D7A-B322-6824F05D2FCB}.Release|x86.Build.0 = Release|Win32
		{7DB10B50-CE00-4D7A-B322-6824F05D2FCB}.RelWithDebInfo|ARM.ActiveCfg = Release|x64
		{7DB10B50-CE00-4D7A-B322-6824F05D2FCB}.RelWithDebInfo|ARM.Build.0 = Release|x64
		{7DB10B50-CE00-4D7A-B322-6824F05D2FCB}.RelWithDebInfo|ARM64.ActiveCfg = Release|x64
		{7DB10B50-CE00-4D7A-B322-6824F05D2FCB}.RelWithDebInfo|ARM64.Build.0 = Release|x64
		{7DB10B50-CE00-4D7A-B322-6824F05D2FCB}.RelWithDebInfo|x64.ActiveCfg = Release|x64
		{7DB10B50-CE00-4D7A-B322-6824F05D2FCB}.RelWithDebInfo|x64.Build.0 = Release|x64
		{7DB10B50-CE00-4D7A-B322-6824F05D2FCB}.RelWithDebInfo|x86.ActiveCfg = Release|Win32
		{7DB10B50-CE00-4D7A-B322-6824F05D2FCB}.RelWithDebInfo|x86.Build.0 = Release|Win32
		{07F662C1-1323-42AB-B6AF-FBFD34A7437A}.Debug|ARM.ActiveCfg = Debug|x64
		{07F662C1-1323-42AB-B6AF-FBFD34A7437A}.Debug|ARM.Build.0 = Debug|x64
		{07F662C1-1323-42AB-B6AF-FBFD34A7437A}.Debug|ARM64.ActiveCfg = Debug|x64
		{07F662C1-1323-42AB-B6AF-FBFD34A7437A}.Debug|ARM64.Build.0 = Debug|x64
		{07F662C1-1323-42AB-B6AF-FBFD34A7437A}.Debug|x64.ActiveCfg = Debug|x64
		{07F662C1-1323-42AB-B6AF-FBFD34A7437A}.Debug|x64.Build.0 = Debug|x64
		{07F662C1-1323-42AB-B6AF-FBFD34A7437A}.Debug|x86.ActiveCfg = Debug|Win32
		{07F662C1-1323-42AB-B6AF-FBFD34A7437A}.Debug|x86.Build.0 = Debug|Win32
		{07F662C1-1323-42AB-B6AF-FBFD34A7437A}.MinSizeRel|ARM.ActiveCfg = Debug|x64
		{07F662C1-1323-42AB-B6AF-FBFD34A7437A}.MinSizeRel|ARM.Build.0 = Debug|x64
		{07F662C1-1323-42AB-B6AF-FBFD34A7437A}.MinSizeRel|ARM64.ActiveCfg = Debug|x64
		{07F662C1-1323-42AB-B6AF-FBFD34A7437A}.MinSizeRel|ARM64.Build.0 = Debug|x64
		{07F662C1-1323-42AB-B6AF-FBFD34A7437A}.MinSizeRel|x64.ActiveCfg = Debug|x64
		{07F662C1-1323-42AB-B6AF-FBFD34A7437A}.MinSizeRel|x64.Build.0 = Debug|x64
		{07F662C1-1323-42AB-B6AF-FBFD34A7437A}.MinSizeRel|x86.ActiveCfg = Debug|Win32
		{07F662C1-1323-42AB-B6AF-FBFD34A7437A}.MinSizeRel|x86.Build.0 = Debug|Win32
		{07F662C1-1323-42AB-B6AF-FBFD34A7437A}.Release|ARM.ActiveCfg = Release|x64
		{07F662C1-1323-42AB-B6AF-FBFD34A7437A}.Release|ARM.Build.0 = Release|x64
		{07F662C1-1323-42AB-B6AF-FBFD34A7437A}.Release|ARM64.ActiveCfg = Release|x64
		{07F662C1-1323-42AB-B6AF-FBFD34A7437A}.Release|ARM64.Build.0 = Release|x64
		{07F662C1-1323-42AB-B6AF-FBFD34A7437A}.Release|x64.ActiveCfg = Release|x64
		{07F662C1-1323-42AB-B6AF-FBFD34A7437A}.Release|x64.Build.0 = Release|x64
		{07F662C1-1323-42AB-B6AF-FBFD34A7437A}.Release|x86.ActiveCfg = Release|Win32
		{07F662C1-1323-42AB-B6AF-FBFD34A7437A}.Release|x86.Build.0 = Release|Win32
		{07F662C1-1323-42AB-B6AF-FBFD34A7437A}.RelWithDebInfo|ARM.ActiveCfg = Release|x64
		{07F662C1-1323-42AB-B6AF-FBFD34A7437A}.RelWithDebInfo|ARM.Build.0 = Release|x64
		{07F662C1-1323-42AB-B6AF-FBFD34A7437A}.RelWithDebInfo|ARM64.ActiveCfg = Release|x64
		{07F662C1-1323-42AB-B6AF-FBFD34A7437A}.RelWithDebInfo|ARM64.Build.0 = Release|x64
		{07F662C1-1323-42AB-B6AF-FBFD34A7437A}.RelWithDebInfo|x64.ActiveCfg = Release|x64
		{07F662C1-1323-42AB-B6AF-FBFD34A7437A}.RelWithDebInfo|x64.Build.0 = Release|x64
		{07F662C1-1323-42AB-B6AF-FBFD34A7437A}.RelWithDebInfo|x86.ActiveCfg = Release|Win32
		{07F662C1-1323-42AB-B6AF-FBFD34A7437A}.RelWithDebInfo|x86.Build.0 = Release|Win32
		{EC085CBD-E9C3-477F-9A97-CB9D5DA30E27}.Debug|ARM.ActiveCfg = Debug|x64
		{EC085CBD-E9C3-477F-9A97-CB9D5DA30E27}.Debug|ARM.Build.0 = Debug|x64
		{EC085CBD-E9C3-477F-9A97-CB9D5DA30E27}.Debug|ARM64.ActiveCfg = Debug|x64
		{EC085CBD-E9C3-477F-9A97-CB9D5DA30E27}.Debug|ARM64.Build.0 = Debug|x64
		{EC085CBD-E9C3-477F-9A97-CB9D5DA30E27}.Debug|x64.ActiveCfg = Debug|x64
		{EC085CBD-E9C3-477F-9A97-CB9D5DA30E27}.Debug|x64.Build.0 = Debug|x64
		{EC085CBD-E9C3-477F-9A97-CB9D5DA30E27}.Debug|x86.ActiveCfg = Debug|Win32
		{EC085CBD-E9C3-477F-9A97-CB9D5DA30E27}.Debug|x86.Build.0 = Debug|Win32
		{EC085CBD-E9C3-477F-9A97-CB9D5DA30E27}.MinSizeRel|ARM.ActiveCfg = Debug|x64
		{EC085CBD-E9C3-477F-9A97-CB9D5DA30E27}.MinSizeRel|ARM.Build.0 = Debug|x64
		{EC085CBD-E9C3-477F-9A97-CB9D5DA30E27}.MinSizeRel|ARM64.ActiveCfg = Debug|x64
		{EC085CBD-E9C3-477F-9A97-CB9D5DA30E27}.MinSizeRel|ARM64.Build.0 = Debug|x64
		{EC085CBD-E9C3-477F-9A97-CB9D5DA30E27}.MinSizeRel|x64.ActiveCfg = Debug|x64
		{EC085CBD-E9C3-477F-9A97-CB9D5DA30E27}.MinSizeRel|x64.Build.0 = Debug|x64
		{EC085CBD-E9C3-477F-9A97-CB9D5DA30E27}.MinSizeRel|x86.ActiveCfg = Debug|Win32
		{EC085CBD-E9C3-477F-9A97-CB9D5DA30E27}.MinSizeRel|x86.Build.0 = Debug|Win32
		{EC085CBD-E9C3-477F-9A97-CB9D5DA30E27}.Release|ARM.ActiveCfg = Release|x64
		{EC085CBD-E9C3-477F-9A97-CB9D5DA30E27}.Release|ARM.Build.0 = Release|x64
		{EC085CBD-E9C3-477F-9A97-CB9D5DA30E27}.Release|ARM64.ActiveCfg = Release|x64
		{EC085CBD-E9C3-477F-9A97-CB9D5DA30E27}.Release|ARM64.Build.0 = Release|x64
		{EC085CBD-E9C3-477F-9A97-CB9D5DA30E27}.Release|x64.ActiveCfg = Release|x64
		{EC085CBD-E9C3-477F-9A97-CB9D5DA30E27}.Release|x64.Build.0 = Release|x64
		{EC085CBD-E9C3-477F-9A97-CB9D5DA30E27}.Release|x86.ActiveCfg = Release|Win32
		{EC085CBD-E9C3-477F-9A97-CB9D5DA30E27}.Release|x86.Build.0 = Release|Win32
		{EC085CBD-E9C3-477F-9A97-CB9D5DA30E27}.RelWithDebInfo|ARM.ActiveCfg = Release|x64
		{EC085CBD-E9C3-477F-9A97-CB9D5DA30E27}.RelWithDebInfo|ARM.Build.0 = Release|x64
		{EC085CBD-E9C3-477F-9A97-CB9D5DA30E27}.RelWithDebInfo|ARM64.ActiveCfg = Release|x64
		{EC085CBD-E9C3-477F-9A97-CB9D5DA30E27}.RelWithDebInfo|ARM64.Build.0 = Release|x64
		{EC085CBD-E9C3-477F-9A97-CB9D5DA30E27}.RelWithDebInfo|x64.ActiveCfg = Release|x64
		{EC085CBD-E9C3-477F-9A97-CB9D5DA30E27}.RelWithDebInfo|x64.Build.0 = Release|x64
		{EC085CBD-E9C3-477F-9A97-CB9D5DA30E27}.RelWithDebInfo|x86.ActiveCfg = Release|Win32
		{EC085CBD-E9C3-477F-9A97-CB9D5DA30E27}.RelWithDebInfo|x86.Build.0 = Release|Win32
		{097D9F6C-FD0E-4CBC-9676-009012AAECA8}.Debug|ARM.ActiveCfg = Debug|x64
		{097D9F6C-FD0E-4CBC-9676-009012AAECA8}.Debug|ARM.Build.0 = Debug|x64
		{097D9F6C-FD0E-4CBC-9676-009012AAECA8}.Debug|ARM64.ActiveCfg = Debug|x64
		{097D9F6C-FD0E-4CBC-9676-009012AAECA8}.Debug|ARM64.Build.0 = Debug|x64
		{097D9F6C-FD0E-4CBC-9676-009012AAECA8}.Debug|x64.ActiveCfg = Debug|x64
		{097D9F6C-FD0E-4CBC-9676-009012AAECA8}.Debug|x64.Build.0 = Debug|x64
		{097D9F6C-FD0E-4CBC-9676-009012AAECA8}.Debug|x86.ActiveCfg = Debug|Win32
		{097D9F6C-FD0E-4CBC-9676-009012AAECA8}.Debug|x86.Build.0 = Debug|Win32
		{097D9F6C-FD0E-4CBC-9676-009012AAECA8}.MinSizeRel|ARM.ActiveCfg = Debug|x64
		{097D9F6C-FD0E-4CBC-9676-009012AAECA8}.MinSizeRel|ARM.Build.0 = Debug|x64
		{097D9F6C-FD0E-4CBC-9676-009012AAECA8}.MinSizeRel|ARM64.ActiveCfg = Debug|x64
		{097D9F6C-FD0E-4CBC-9676-009012AAECA8}.MinSizeRel|ARM64.Build.0 = Debug|x64
		{097D9F6C-FD0E-4CBC-9676-009012AAECA8}.MinSizeRel|x64.ActiveCfg = Debug|x64
		{097D9F6C-FD0E-4CBC-9676-009012AAECA8}.MinSizeRel|x64.Build.0 = Debug|x64
		{097D9F6C-FD0E-4CBC-9676-009012AAECA8}.MinSizeRel|x86.ActiveCfg = Debug|Win32
		{097D9F6C-FD0E-4CBC-9676-009012AAECA8}.MinSizeRel|x86.Build.0 = Debug|Win32
		{097D9F6C-FD0E-4CBC-9676-009012AAECA8}.Release|ARM.ActiveCfg = Release|x64
		{097D9F6C-FD0E-4CBC-9676-009012AAECA8}.Release|ARM.Build.0 = Release|x64
		{097D9F6C-FD0E-4CBC-9676-009012AAECA8}.Release|ARM64.ActiveCfg = Release|x64
		{097D9F6C-FD0E-4CBC-9676-009012AAECA8}.Release|ARM64.Build.0 = Release|x64
		{097D9F6C-FD0E-4CBC-9676-009012AAECA8}.Release|x64.ActiveCfg = Release|x64
		{097D9F6C-FD0E-4CBC-9676-009012AAECA8}.Release|x64.Build.0 = Release|x64
		{097D9F6C-FD0E-4CBC-9676-009012AAECA8}.Release|x86.ActiveCfg = Release|Win32
		{097D9F6C-FD0E-4CBC-9676-009012AAECA8}.Release|x86.Build.0 = Release|Win32
		{097D9F6C-FD0E-4CBC-9676-009012AAECA8}.RelWithDebInfo|ARM.ActiveCfg = Release|x64
		{097D9F6C-FD0E-4CBC-9676-009012AAECA8}.RelWithDebInfo|ARM.Build.0 = Release|x64
		{097D9F6C-FD0E-4CBC-9676-009012AAECA8}.RelWithDebInfo|ARM64.ActiveCfg = Release|x64
		{097D9F6C-FD0E-4CBC-9676-009012AAECA8}.RelWithDebInfo|ARM64.Build.0 = Release|x64
		{097D9F6C-FD0E-4CBC-9676-009012AAECA8}.RelWithDebInfo|x64.ActiveCfg = Release|x64
		{097D9F6C-FD0E-4CBC-9676-009012AAECA8}.RelWithDebInfo|x64.Build.0 = Release|x64
		{097D9F6C-FD0E-4CBC-9676-009012AAECA8}.RelWithDebInfo|x86.ActiveCfg = Release|Win32
		{097D9F6C-FD0E-4CBC-9676-009012AAECA8}.RelWithDebInfo|x86.Build.0 = Release|Win32
		{17A4874B-0606-4687-90B6-F91F8CB3B8AF}.Debug|ARM.ActiveCfg = Debug|x64
		{17A4874B-0606-4687-90B6-F91F8CB3B8AF}.Debug|ARM.Build.0 = Debug|x64
		{17A4874B-0606-4687-90B6-F91F8CB3B8AF}.Debug|ARM64.ActiveCfg = Debug|x64
		{17A4874B-0606-4687-90B6-F91F8CB3B8AF}.Debug|ARM64.Build.0 = Debug|x64
		{17A4874B-0606-4687-90B6-F91F8CB3B8AF}.Debug|x64.ActiveCfg = Debug|x64
		{17A4874B-0606-4687-90B6-F91F8CB3B8AF}.Debug|x64.Build.0 = Debug|x64
		{17A4874B-0606-4687-90B6-F91F8CB3B8AF}.Debug|x86.ActiveCfg = Debug|Win32
		{17A4874B-0606-4687-90B6-F91F8CB3B8AF}.Debug|x86.Build.0 = Debug|Win32
		{17A4874B-0606-4687-90B6-F91F8CB3B8AF}.MinSizeRel|ARM.ActiveCfg = Debug|x64
		{17A4874B-0606-4687-90B6-F91F8CB3B8AF}.MinSizeRel|ARM.Build.0 = Debug|x64
		{17A4874B-0606-4687-90B6-F91F8CB3B8AF}.MinSizeRel|ARM64.ActiveCfg = Debug|x64
		{17A4874B-0606-4687-90B6-F91F8CB3B8AF}.MinSizeRel|ARM64.Build.0 = Debug|x64
		{17A4874B-0606-4687-90B6-F91F8CB3B8AF}.MinSizeRel|x64.ActiveCfg = Debug|x64
		{17A4874B-0606-4687-90B6-F91F8CB3B8AF}.MinSizeRel|x64.Build.0 = Debug|x64
		{17A4874B-0606-4687-90B6-F91F8CB3B8AF}.MinSizeRel|x86.ActiveCfg = Debug|Win32
		{17A4874B-0606-4687-90B6-F91F8CB3B8AF}.MinSizeRel|x86.Build.0 = Debug|Win32
		{17A4874B-0606-4687-90B6-F91F8CB3B8AF}.Release|ARM.ActiveCfg = Release|x64
		{17A4874B-0606-4687-90B6-F91F8CB3B8AF}.Release|ARM.Build.0 = Release|x64
		{17A4874B-0606-4687-90B6-F91F8CB3B8AF}.Release|ARM64.ActiveCfg = Release|x64
		{17A4874B-0606-4687-90B6-F91F8CB3B8AF}.Release|ARM64.Build.0 = Release|x64
		{17A4874B-0606-4687-90B6-F91F8CB3B8AF}.Release|x64.ActiveCfg = Release|x64
		{17A4874B-0606-4687-90B6-F91F8CB3B8AF}.Release|x64.Build.0 = Release|x64
		{17A4874B-0606-4687-90B6-F91F8CB3B8AF}.Release|x86.ActiveCfg = Release|Win32
		{17A4874B-0606-4687-90B6-F91F8CB3B8AF}.Release|x86.Build.0 = Release|Win32
		{17A4874B-0606-4687-90B6-F91F8CB3B8AF}.RelWithDebInfo|ARM.ActiveCfg = Release|x64
		{17A4874B-0606-4687-90B6-F91F8CB3B8AF}.RelWithDebInfo|ARM.Build.0 = Release|x64
		{17A4874B-0606-4687-90B6-F91F8CB3B8AF}.RelWithDebInfo|ARM64.ActiveCfg = Release|x64
		{17A4874B-0606-4687-90B6-F91F8CB3B8AF}.RelWithDebInfo|ARM64.Build.0 = Release|x64
		{17A4874B-0606-4687-90B6-F91F8CB3B8AF}.RelWithDebInfo|x64.ActiveCfg = Release|x64
		{17A4874B-0606-4687-90B6-F91F8CB3B8AF}.RelWithDebInfo|x64.Build.0 = Release|x64
		{17A4874B-0606-4687-90B6-F91F8CB3B8AF}.RelWithDebInfo|x86.ActiveCfg = Release|Win32
		{17A4874B-0606-4687-90B6-F91F8CB3B8AF}.RelWithDebInfo|x86.Build.0 = Release|Win32
		{33134F61-C1AD-4B6F-9CEA-503A9F140C52}.Debug|ARM.ActiveCfg = Debug|x64
		{33134F61-C1AD-4B6F-9CEA-503A9F140C52}.Debug|ARM.Build.0 = Debug|x64
		{33134F61-C1AD-4B6F-9CEA-503A9F140C52}.Debug|ARM64.ActiveCfg = Debug|x64
		{33134F61-C1AD-4B6F-9CEA-503A9F140C52}.Debug|ARM64.Build.0 = Debug|x64
		{33134F61-C1AD-4B6F-9CEA-503A9F140C52}.Debug|x64.ActiveCfg = Debug|x64
		{33134F61-C1AD-4B6F-9CEA-503A9F140C52}.Debug|x64.Build.0 = Debug|x64
		{33134F61-C1AD-4B6F-9CEA-503A9F140C52}.Debug|x86.ActiveCfg = Debug|Win32
		{33134F61-C1AD-4B6F-9CEA-503A9F140C52}.Debug|x86.Build.0 = Debug|Win32
		{33134F61-C1AD-4B6F-9CEA-503A9F140C52}.MinSizeRel|ARM.ActiveCfg = Debug|x64
		{33134F61-C1AD-4B6F-9CEA-503A9F140C52}.MinSizeRel|ARM.Build.0 = Debug|x64
		{33134F61-C1AD-4B6F-9CEA-503A9F140C52}.MinSizeRel|ARM64.ActiveCfg = Debug|x64
		{33134F61-C1AD-4B6F-9CEA-503A9F140C52}.MinSizeRel|ARM64.Build.0 = Debug|x64
		{33134F61-C1AD-4B6F-9CEA-503A9F140C52}.MinSizeRel|x64.ActiveCfg = Debug|x64
		{33134F61-C1AD-4B6F-9CEA-503A9F140C52}.MinSizeRel|x64.Build.0 = Debug|x64
		{33134F61-C1AD-4B6F-9CEA-503A9F140C52}.MinSizeRel|x86.ActiveCfg = Debug|Win32
		{33134F61-C1AD-4B6F-9CEA-503A9F140C52}.MinSizeRel|x86.Build.0 = Debug|Win32
		{33134F61-C1AD-4B6F-9CEA-503A9F140C52}.Release|ARM.ActiveCfg = Release|x64
		{33134F61-C1AD-4B6F-9CEA-503A9F140C52}.Release|ARM.Build.0 = Release|x64
		{33134F61-C1AD-4B6F-9CEA-503A9F140C52}.Release|ARM64.ActiveCfg = Release|x64
		{33134F61-C1AD-4B6F-9CEA-503A9F140C52}.Release|ARM64.Build.0 = Release|x64
		{33134F61-C1AD-4B6F-9CEA-503A9F140C52}.Release|x64.ActiveCfg = Release|x64
		{33134F61-C1AD-4B6F-9CEA-503A9F140C52}.Release|x64.Build.0 = Release|x64
		{33134F61-C1AD-4B6F-9CEA-503A9F140C52}.Release|x86.ActiveCfg = Release|Win32
		{33134F61-C1AD-4B6F-9CEA-503A9F140C52}.Release|x86.Build.0 = Release|Win32
		{33134F61-C1AD-4B6F-9CEA-503A9F140C52}.RelWithDebInfo|ARM.ActiveCfg = Release|x64
		{33134F61-C1AD-4B6F-9CEA-503A9F140C52}.RelWithDebInfo|ARM.Build.0 = Release|x64
		{33134F61-C1AD-4B6F-9CEA-503A9F140C52}.RelWithDebInfo|ARM64.ActiveCfg = Release|x64
		{33134F61-C1AD-4B6F-9CEA-503A9F140C52}.RelWithDebInfo|ARM64.Build.0 = Release|x64
		{33134F61-C1AD-4B6F-9CEA-503A9F140C52}.RelWithDebInfo|x64.ActiveCfg = Release|x64
		{33134F61-C1AD-4B6F-9CEA-503A9F140C52}.RelWithDebInfo|x64.Build.0 = Release|x64
		{33134F61-C1AD-4B6F-9CEA-503A9F140C52}.RelWithDebInfo|x86.ActiveCfg = Release|Win32
		{33134F61-C1AD-4B6F-9CEA-503A9F140C52}.RelWithDebInfo|x86.Build.0 = Release|Win32
	EndGlobalSection
	GlobalSection(SolutionProperties) = preSolution
		HideSolutionNode = FALSE
	EndGlobalSection
	GlobalSection(ExtensibilityGlobals) = postSolution
		SolutionGuid = {92C9455D-3457-4DDE-9A18-7B988F9408C7}
	EndGlobalSection
EndGlobal
