<?xml version="1.0" encoding="utf-8"?>
<Project ToolsVersion="4.0" xmlns="http://schemas.microsoft.com/developer/msbuild/2003">
  <ItemGroup>
    <Filter Include="bin">
      <UniqueIdentifier>{0a7f2d3e-33fa-4928-b62e-85b9ac3cac20}</UniqueIdentifier>
    </Filter>
    <Filter Include="src">
      <UniqueIdentifier>{fd19452c-e6df-4b39-bf58-ab8bfeea7124}</UniqueIdentifier>
    </Filter>
    <Filter Include="lib">
      <UniqueIdentifier>{546040b7-ab4c-4bd4-a06e-f39ff91f63f5}</UniqueIdentifier>
    </Filter>
    <Filter Include="res">
      <UniqueIdentifier>{41590b42-c512-4bb0-be1e-037db895e0eb}</UniqueIdentifier>
    </Filter>
    <Filter Include="doc">
      <UniqueIdentifier>{e6163e08-0151-44e5-8272-d4e89c66ad0b}</UniqueIdentifier>
    </Filter>
    <Filter Include="obj">
      <UniqueIdentifier>{3d934aa7-c757-4d43-9595-417c211ddcc5}</UniqueIdentifier>
    </Filter>
    <Filter Include="dep">
      <UniqueIdentifier>{212517cd-24b1-408e-bfe0-66987a048aae}</UniqueIdentifier>
    </Filter>
    <Filter Include="inc">
      <UniqueIdentifier>{fbf8ebfc-2b32-4ba0-8cc9-76a32c0fb4a3}</UniqueIdentifier>
    </Filter>
    <Filter Include="res\icons">
      <UniqueIdentifier>{a2873cf2-d7ed-4930-96a1-1aac0cddee9d}</UniqueIdentifier>
    </Filter>
    <Filter Include="res\github">
      <UniqueIdentifier>{f85b908d-34d8-4926-a903-f7092e7e6192}</UniqueIdentifier>
    </Filter>
    <Filter Include="inc\geodesuka">
      <UniqueIdentifier>{ceb9d42a-12e1-44dd-bd28-e2ad9cbab734}</UniqueIdentifier>
    </Filter>
    <Filter Include="inc\geodesuka\core">
      <UniqueIdentifier>{8a54a22e-9933-4869-a77c-c83740dfbdcc}</UniqueIdentifier>
    </Filter>
    <Filter Include="inc\geodesuka\core\gcl">
      <UniqueIdentifier>{abd27731-2834-47de-8e8f-070c494aaffb}</UniqueIdentifier>
    </Filter>
    <Filter Include="inc\geodesuka\core\hid">
      <UniqueIdentifier>{26692862-47bf-4141-81c1-b61c4781375b}</UniqueIdentifier>
    </Filter>
    <Filter Include="inc\geodesuka\core\io">
      <UniqueIdentifier>{8ae56fc1-f9a5-44cb-8fcf-01b73da19b40}</UniqueIdentifier>
    </Filter>
    <Filter Include="inc\geodesuka\core\math">
      <UniqueIdentifier>{7ca72096-d74a-43e6-90ad-f466d7f8ad42}</UniqueIdentifier>
    </Filter>
    <Filter Include="inc\geodesuka\core\object">
      <UniqueIdentifier>{7f60ddf0-1842-4b83-b224-9b19236cab6a}</UniqueIdentifier>
    </Filter>
    <Filter Include="inc\geodesuka\core\util">
      <UniqueIdentifier>{3ac8fb36-4104-4ddd-a5dd-08c770af1180}</UniqueIdentifier>
    </Filter>
    <Filter Include="inc\geodesuka\core\sys">
      <UniqueIdentifier>{e67b6899-d7b8-47f3-b4f0-b3e8074af088}</UniqueIdentifier>
    </Filter>
    <Filter Include="src\core">
      <UniqueIdentifier>{416098bb-c281-450b-bdaf-8f56908c35a7}</UniqueIdentifier>
    </Filter>
    <Filter Include="src\core\gcl">
      <UniqueIdentifier>{45e77e72-cbfb-4abc-9134-15b25545f8e2}</UniqueIdentifier>
    </Filter>
    <Filter Include="src\core\object">
      <UniqueIdentifier>{17f63331-0931-492e-a042-e36ebe3886bb}</UniqueIdentifier>
    </Filter>
    <Filter Include="src\core\math">
      <UniqueIdentifier>{a5119981-85bf-497b-a968-92f292bb3c61}</UniqueIdentifier>
    </Filter>
    <Filter Include="src\core\math\vectors">
      <UniqueIdentifier>{0a6f1b5e-f0e9-4ab2-bd6c-f6558c0db5bb}</UniqueIdentifier>
    </Filter>
    <Filter Include="src\core\math\matrices">
      <UniqueIdentifier>{2410076d-b806-4df7-b886-a7e991b6b538}</UniqueIdentifier>
    </Filter>
    <Filter Include="src\core\io">
      <UniqueIdentifier>{e436c23f-5ba3-48d3-bb95-7c717d308f03}</UniqueIdentifier>
    </Filter>
    <Filter Include="src\core\math\util">
      <UniqueIdentifier>{669086c3-ed91-482c-999e-fb1d84f67bec}</UniqueIdentifier>
    </Filter>
    <Filter Include="src\core\hid">
      <UniqueIdentifier>{7c092f4e-cd97-456a-baf6-f4a3d49eb46d}</UniqueIdentifier>
    </Filter>
    <Filter Include="src\core\util">
      <UniqueIdentifier>{b38920d2-825d-43eb-ae66-e41ea70b0176}</UniqueIdentifier>
    </Filter>
    <Filter Include="inc\geodesuka\core\stage">
      <UniqueIdentifier>{3e436671-098d-4dc0-ba84-d62f01f1fef6}</UniqueIdentifier>
    </Filter>
    <Filter Include="src\core\stage">
      <UniqueIdentifier>{994aaec8-c058-46a5-8208-727732ffdb86}</UniqueIdentifier>
    </Filter>
    <Filter Include="src\core\logic">
      <UniqueIdentifier>{2c04f716-d719-49d1-96ae-4947d682a48f}</UniqueIdentifier>
    </Filter>
    <Filter Include="inc\geodesuka\core\logic">
      <UniqueIdentifier>{40c92847-85b6-4608-afec-9f38f73b7cc4}</UniqueIdentifier>
    </Filter>
    <Filter Include="inc\geodesuka\core\sound">
      <UniqueIdentifier>{7296c95e-2d27-455b-8455-e98a442d0839}</UniqueIdentifier>
    </Filter>
    <Filter Include="inc\geodesuka\builtin">
      <UniqueIdentifier>{e67f0d43-112e-496d-8cda-490469ad873a}</UniqueIdentifier>
    </Filter>
    <Filter Include="src\builtin">
      <UniqueIdentifier>{bb3a4d7f-15e0-43f6-bba0-e06f01889981}</UniqueIdentifier>
    </Filter>
    <Filter Include="src\builtin\object">
      <UniqueIdentifier>{c2a3df93-7aa4-43cb-96cf-6e7fa2783e63}</UniqueIdentifier>
    </Filter>
    <Filter Include="src\builtin\stage">
      <UniqueIdentifier>{61ac3da2-b304-44d5-8277-a05804063f50}</UniqueIdentifier>
    </Filter>
    <Filter Include="inc\geodesuka\builtin\object">
      <UniqueIdentifier>{acde2619-2841-4abe-b396-218b8e700da2}</UniqueIdentifier>
    </Filter>
    <Filter Include="inc\geodesuka\builtin\stage">
      <UniqueIdentifier>{1a8d27a1-7d65-43fe-b543-767a8f99872e}</UniqueIdentifier>
    </Filter>
    <Filter Include="inc\geodesuka\core\graphics">
      <UniqueIdentifier>{5f70e7f3-43ac-41bf-b9b8-149d07e8573b}</UniqueIdentifier>
    </Filter>
    <Filter Include="src\core\graphics">
      <UniqueIdentifier>{e1344c19-b42f-4f97-a813-3946635d42ea}</UniqueIdentifier>
    </Filter>
    <Filter Include="inc\geodesuka\core\math\number">
      <UniqueIdentifier>{7ad755d9-fe5d-45c5-99da-77785a2473af}</UniqueIdentifier>
    </Filter>
    <Filter Include="inc\geodesuka\core\math\vector">
      <UniqueIdentifier>{6f435c08-7590-4a38-9098-108dd3063980}</UniqueIdentifier>
    </Filter>
    <Filter Include="inc\geodesuka\core\math\matrix">
      <UniqueIdentifier>{277994d0-204e-42cd-a642-846f0d49746e}</UniqueIdentifier>
    </Filter>
    <Filter Include="inc\geodesuka\core\math\field">
      <UniqueIdentifier>{7440a878-85d8-4e14-a43f-747feaf0af13}</UniqueIdentifier>
    </Filter>
    <Filter Include="src\core\math\number">
      <UniqueIdentifier>{8dd03647-e4ee-4315-b065-42efdf072394}</UniqueIdentifier>
    </Filter>
    <Filter Include="inc\geodesuka\builtin\app">
      <UniqueIdentifier>{308e2b29-2905-48a1-874a-e8251c034984}</UniqueIdentifier>
    </Filter>
    <Filter Include="src\builtin\app">
      <UniqueIdentifier>{dd5c2c26-b195-43e3-95cd-fd83efcf84aa}</UniqueIdentifier>
    </Filter>
    <Filter Include="src\core\sound">
      <UniqueIdentifier>{6dc1579d-ab59-474f-83df-15dd40013333}</UniqueIdentifier>
    </Filter>
    <Filter Include="src\StandAlone">
      <UniqueIdentifier>{da728970-15dc-4165-8375-851664f13462}</UniqueIdentifier>
    </Filter>
  </ItemGroup>
  <ItemGroup>
    <ClCompile Include="src\buffer.cpp">
      <Filter>src\core\gcl</Filter>
    </ClCompile>
    <ClCompile Include="src\camera.cpp">
      <Filter>src\core\object</Filter>
    </ClCompile>
    <ClCompile Include="src\camera2d.cpp">
      <Filter>src\core\object</Filter>
    </ClCompile>
    <ClCompile Include="src\camera3d.cpp">
      <Filter>src\core\object</Filter>
    </ClCompile>
    <ClCompile Include="src\context.cpp">
      <Filter>src\core\gcl</Filter>
    </ClCompile>
    <ClCompile Include="src\device.cpp">
      <Filter>src\core\gcl</Filter>
    </ClCompile>
    <ClCompile Include="src\dynalib.cpp">
      <Filter>src\core\io</Filter>
    </ClCompile>
    <ClCompile Include="src\file.cpp">
      <Filter>src\core\io</Filter>
    </ClCompile>
    <ClCompile Include="src\framebuffer.cpp">
      <Filter>src\core\gcl</Filter>
    </ClCompile>
    <ClCompile Include="src\joystick.cpp">
      <Filter>src\core\hid</Filter>
    </ClCompile>
    <ClCompile Include="src\keyboard.cpp">
      <Filter>src\core\hid</Filter>
    </ClCompile>
    <ClCompile Include="src\mouse.cpp">
      <Filter>src\core\hid</Filter>
    </ClCompile>
    <ClCompile Include="src\object_t.cpp">
      <Filter>src\core</Filter>
    </ClCompile>
    <ClCompile Include="src\system_window.cpp">
      <Filter>src\core\object</Filter>
    </ClCompile>
    <ClCompile Include="src\system_display.cpp">
      <Filter>src\core\object</Filter>
    </ClCompile>
    <ClCompile Include="src\virtual_window.cpp">
      <Filter>src\core\object</Filter>
    </ClCompile>
    <ClCompile Include="src\window.cpp">
      <Filter>src\core\object</Filter>
    </ClCompile>
    <ClCompile Include="src\script.cpp">
      <Filter>src\core\io</Filter>
    </ClCompile>
    <ClCompile Include="src\shader.cpp">
      <Filter>src\core\gcl</Filter>
    </ClCompile>
    <ClCompile Include="src\log.cpp">
      <Filter>src\core\util</Filter>
    </ClCompile>
    <ClCompile Include="src\stage_t.cpp">
      <Filter>src\core</Filter>
    </ClCompile>
    <ClCompile Include="src\engine.cpp">
      <Filter>src</Filter>
    </ClCompile>
    <ClCompile Include="src\canvas.cpp">
      <Filter>src\core\stage</Filter>
    </ClCompile>
    <ClCompile Include="src\scene2d.cpp">
      <Filter>src\core\stage</Filter>
    </ClCompile>
    <ClCompile Include="src\scene3d.cpp">
      <Filter>src\core\stage</Filter>
    </ClCompile>
    <ClCompile Include="src\triangle.cpp">
      <Filter>src\builtin\object</Filter>
    </ClCompile>
    <ClCompile Include="src\cube.cpp">
      <Filter>src\builtin\object</Filter>
    </ClCompile>
    <ClCompile Include="src\system_terminal.cpp">
      <Filter>src\core\object</Filter>
    </ClCompile>
    <ClCompile Include="src\timer.cpp">
      <Filter>src\core\logic</Filter>
    </ClCompile>
    <ClCompile Include="src\desktop.cpp">
      <Filter>src\core\stage</Filter>
    </ClCompile>
    <ClCompile Include="src\app.cpp">
      <Filter>src\core</Filter>
    </ClCompile>
    <ClCompile Include="src\pipeline.cpp">
      <Filter>src\core\gcl</Filter>
    </ClCompile>
    <ClCompile Include="src\renderpass.cpp">
      <Filter>src\core\gcl</Filter>
    </ClCompile>
    <ClCompile Include="src\example.cpp">
      <Filter>src\builtin\stage</Filter>
    </ClCompile>
    <ClCompile Include="src\render_target.cpp">
      <Filter>src\core\object</Filter>
    </ClCompile>
    <ClCompile Include="src\material.cpp">
      <Filter>src\core\graphics</Filter>
    </ClCompile>
    <ClCompile Include="src\mesh.cpp">
      <Filter>src\core\graphics</Filter>
    </ClCompile>
    <ClCompile Include="src\model.cpp">
      <Filter>src\core\graphics</Filter>
    </ClCompile>
    <ClCompile Include="src\string.cpp">
      <Filter>src\core\util</Filter>
    </ClCompile>
    <ClCompile Include="src\text.cpp">
      <Filter>src\core\object</Filter>
    </ClCompile>
    <ClCompile Include="src\complex.cpp">
      <Filter>src\core\math\number</Filter>
    </ClCompile>
    <ClCompile Include="src\quaternion.cpp">
      <Filter>src\core\math\number</Filter>
    </ClCompile>
    <ClCompile Include="src\type.cpp">
      <Filter>src\core\math\number</Filter>
    </ClCompile>
    <ClCompile Include="src\float4.cpp">
      <Filter>src\core\math\vectors</Filter>
    </ClCompile>
    <ClCompile Include="src\float2.cpp">
      <Filter>src\core\math\vectors</Filter>
    </ClCompile>
    <ClCompile Include="src\float3.cpp">
      <Filter>src\core\math\vectors</Filter>
    </ClCompile>
    <ClCompile Include="src\uint2.cpp">
      <Filter>src\core\math\vectors</Filter>
    </ClCompile>
    <ClCompile Include="src\uint3.cpp">
      <Filter>src\core\math\vectors</Filter>
    </ClCompile>
    <ClCompile Include="src\uint4.cpp">
      <Filter>src\core\math\vectors</Filter>
    </ClCompile>
    <ClCompile Include="src\ushort2.cpp">
      <Filter>src\core\math\vectors</Filter>
    </ClCompile>
    <ClCompile Include="src\ushort3.cpp">
      <Filter>src\core\math\vectors</Filter>
    </ClCompile>
    <ClCompile Include="src\ushort4.cpp">
      <Filter>src\core\math\vectors</Filter>
    </ClCompile>
    <ClCompile Include="src\short4.cpp">
      <Filter>src\core\math\vectors</Filter>
    </ClCompile>
    <ClCompile Include="src\short3.cpp">
      <Filter>src\core\math\vectors</Filter>
    </ClCompile>
    <ClCompile Include="src\short2.cpp">
      <Filter>src\core\math\vectors</Filter>
    </ClCompile>
    <ClCompile Include="src\int4.cpp">
      <Filter>src\core\math\vectors</Filter>
    </ClCompile>
    <ClCompile Include="src\int2.cpp">
      <Filter>src\core\math\vectors</Filter>
    </ClCompile>
    <ClCompile Include="src\int3.cpp">
      <Filter>src\core\math\vectors</Filter>
    </ClCompile>
    <ClCompile Include="src\isupport.cpp">
      <Filter>src\core\math\util</Filter>
    </ClCompile>
    <ClCompile Include="src\fsupport.cpp">
      <Filter>src\core\math\util</Filter>
    </ClCompile>
    <ClCompile Include="src\multiply.cpp">
      <Filter>src\core\math\matrices</Filter>
    </ClCompile>
    <ClCompile Include="src\float2x2.cpp">
      <Filter>src\core\math\matrices</Filter>
    </ClCompile>
    <ClCompile Include="src\float2x3.cpp">
      <Filter>src\core\math\matrices</Filter>
    </ClCompile>
    <ClCompile Include="src\float2x4.cpp">
      <Filter>src\core\math\matrices</Filter>
    </ClCompile>
    <ClCompile Include="src\float3x2.cpp">
      <Filter>src\core\math\matrices</Filter>
    </ClCompile>
    <ClCompile Include="src\float3x3.cpp">
      <Filter>src\core\math\matrices</Filter>
    </ClCompile>
    <ClCompile Include="src\float3x4.cpp">
      <Filter>src\core\math\matrices</Filter>
    </ClCompile>
    <ClCompile Include="src\float4x2.cpp">
      <Filter>src\core\math\matrices</Filter>
    </ClCompile>
    <ClCompile Include="src\float4x3.cpp">
      <Filter>src\core\math\matrices</Filter>
    </ClCompile>
    <ClCompile Include="src\float4x4.cpp">
      <Filter>src\core\math\matrices</Filter>
    </ClCompile>
    <ClCompile Include="src\char2.cpp">
      <Filter>src\core\math\vectors</Filter>
    </ClCompile>
    <ClCompile Include="src\char3.cpp">
      <Filter>src\core\math\vectors</Filter>
    </ClCompile>
    <ClCompile Include="src\char4.cpp">
      <Filter>src\core\math\vectors</Filter>
    </ClCompile>
    <ClCompile Include="src\uchar2.cpp">
      <Filter>src\core\math\vectors</Filter>
    </ClCompile>
    <ClCompile Include="src\uchar3.cpp">
      <Filter>src\core\math\vectors</Filter>
    </ClCompile>
    <ClCompile Include="src\uchar4.cpp">
      <Filter>src\core\math\vectors</Filter>
    </ClCompile>
    <ClCompile Include="src\command_batch.cpp">
      <Filter>src\core\gcl</Filter>
    </ClCompile>
    <ClCompile Include="src\command_pool.cpp">
      <Filter>src\core\gcl</Filter>
    </ClCompile>
    <ClCompile Include="src\time_step.cpp">
      <Filter>src\core\logic</Filter>
    </ClCompile>
    <ClCompile Include="src\command_list.cpp">
      <Filter>src\core\gcl</Filter>
    </ClCompile>
    <ClCompile Include="src\image.cpp">
      <Filter>src\core\gcl</Filter>
    </ClCompile>
    <ClCompile Include="src\constants.cpp">
      <Filter>src\core\math\number</Filter>
    </ClCompile>
    <ClCompile Include="src\object_list.cpp">
      <Filter>src\core</Filter>
    </ClCompile>
    <ClCompile Include="src\stage_list.cpp">
      <Filter>src\core</Filter>
    </ClCompile>
    <ClCompile Include="src\file_manager.cpp">
      <Filter>src\core\io</Filter>
    </ClCompile>
    <ClCompile Include="src\context_list.cpp">
      <Filter>src\core\gcl</Filter>
    </ClCompile>
    <ClCompile Include="src\device_list.cpp">
      <Filter>src\core\gcl</Filter>
    </ClCompile>
    <ClCompile Include="src\variable.cpp">
      <Filter>src\core\gcl</Filter>
    </ClCompile>
    <ClCompile Include="src\unit_test.cpp">
      <Filter>src\builtin\app</Filter>
    </ClCompile>
    <ClCompile Include="src\thread_controller.cpp">
      <Filter>src\core\logic</Filter>
    </ClCompile>
    <ClCompile Include="src\thread_list.cpp">
      <Filter>src\core\logic</Filter>
    </ClCompile>
    <ClCompile Include="src\font.cpp">
      <Filter>src\core\graphics</Filter>
    </ClCompile>
    <ClCompile Include="src\light.cpp">
      <Filter>src\core\object</Filter>
    </ClCompile>
    <ClCompile Include="src\emitter.cpp">
      <Filter>src\core\sound</Filter>
    </ClCompile>
    <ClCompile Include="src\listener.cpp">
      <Filter>src\core\sound</Filter>
    </ClCompile>
    <ClCompile Include="src\animation.cpp">
      <Filter>src\core\graphics</Filter>
    </ClCompile>
    <ClCompile Include="src\gizmo.cpp">
      <Filter>src\builtin\object</Filter>
    </ClCompile>
    <ClCompile Include="src\skybox.cpp">
      <Filter>src\core\stage</Filter>
    </ClCompile>
    <ClCompile Include="src\demo3d.cpp">
      <Filter>src\builtin\stage</Filter>
    </ClCompile>
    <ClCompile Include="src\render_operation.cpp">
      <Filter>src\core\graphics</Filter>
    </ClCompile>
    <ClCompile Include="src\quad.cpp">
      <Filter>src\builtin\object</Filter>
    </ClCompile>
    <ClCompile Include="src\demo_canvas.cpp">
      <Filter>src\builtin\stage</Filter>
    </ClCompile>
    <ClCompile Include="src\demo2d.cpp">
      <Filter>src\builtin\stage</Filter>
    </ClCompile>
    <ClCompile Include="src\descriptor.cpp">
      <Filter>src\core\gcl</Filter>
    </ClCompile>
    <ClCompile Include="src\ResourceLimits.cpp">
      <Filter>src\StandAlone</Filter>
    </ClCompile>
  </ItemGroup>
  <ItemGroup>
    <None Include="README.md" />
    <None Include="Makefile" />
    <None Include="LICENSE.md" />
    <None Include="inc\geodesuka\core\sound.h">
      <Filter>inc\geodesuka\core</Filter>
    </None>
    <None Include="dep\download.bat">
      <Filter>dep</Filter>
    </None>
    <None Include="dep\setup-linux.bat">
      <Filter>dep</Filter>
    </None>
    <None Include="dep\setup-win32.bat">
      <Filter>dep</Filter>
    </None>
    <None Include="dep\README.md">
      <Filter>dep</Filter>
    </None>
  </ItemGroup>
  <ItemGroup>
    <Text Include="doc\Notes.txt">
      <Filter>doc</Filter>
    </Text>
  </ItemGroup>
  <ItemGroup>
    <Image Include="res\github\sauce.png">
      <Filter>res\github</Filter>
    </Image>
    <Image Include="res\github\sauce0.jpg">
      <Filter>res\github</Filter>
    </Image>
    <Image Include="doc\renderpass.png">
      <Filter>doc</Filter>
    </Image>
  </ItemGroup>
  <ItemGroup>
    <ClInclude Include="inc\geodesuka\core\gcl\buffer.h">
      <Filter>inc\geodesuka\core\gcl</Filter>
    </ClInclude>
    <ClInclude Include="inc\geodesuka\core\gcl\shader.h">
      <Filter>inc\geodesuka\core\gcl</Filter>
    </ClInclude>
    <ClInclude Include="inc\geodesuka\core\hid\joystick.h">
      <Filter>inc\geodesuka\core\hid</Filter>
    </ClInclude>
    <ClInclude Include="inc\geodesuka\core\hid\keyboard.h">
      <Filter>inc\geodesuka\core\hid</Filter>
    </ClInclude>
    <ClInclude Include="inc\geodesuka\core\hid\mouse.h">
      <Filter>inc\geodesuka\core\hid</Filter>
    </ClInclude>
    <ClInclude Include="inc\geodesuka\core\io\file.h">
      <Filter>inc\geodesuka\core\io</Filter>
    </ClInclude>
    <ClInclude Include="inc\geodesuka\core\object\camera.h">
      <Filter>inc\geodesuka\core\object</Filter>
    </ClInclude>
    <ClInclude Include="inc\geodesuka\core\object\camera2d.h">
      <Filter>inc\geodesuka\core\object</Filter>
    </ClInclude>
    <ClInclude Include="inc\geodesuka\core\object\camera3d.h">
      <Filter>inc\geodesuka\core\object</Filter>
    </ClInclude>
    <ClInclude Include="inc\geodesuka\core\object\system_display.h">
      <Filter>inc\geodesuka\core\object</Filter>
    </ClInclude>
    <ClInclude Include="inc\geodesuka\core\object\system_window.h">
      <Filter>inc\geodesuka\core\object</Filter>
    </ClInclude>
    <ClInclude Include="inc\geodesuka\core\object\virtual_window.h">
      <Filter>inc\geodesuka\core\object</Filter>
    </ClInclude>
    <ClInclude Include="inc\geodesuka\core\object\window.h">
      <Filter>inc\geodesuka\core\object</Filter>
    </ClInclude>
    <ClInclude Include="inc\geodesuka\engine.h">
      <Filter>inc\geodesuka</Filter>
    </ClInclude>
    <ClInclude Include="inc\geodesuka\core\gcl\device.h">
      <Filter>inc\geodesuka\core\gcl</Filter>
    </ClInclude>
    <ClInclude Include="inc\geodesuka\core\io\dynalib.h">
      <Filter>inc\geodesuka\core\io</Filter>
    </ClInclude>
    <ClInclude Include="inc\geodesuka\core\io\script.h">
      <Filter>inc\geodesuka\core\io</Filter>
    </ClInclude>
    <ClInclude Include="inc\geodesuka\core\object.h">
      <Filter>inc\geodesuka\core</Filter>
    </ClInclude>
    <ClInclude Include="inc\geodesuka\core\gcl\context.h">
      <Filter>inc\geodesuka\core\gcl</Filter>
    </ClInclude>
    <ClInclude Include="inc\geodesuka\core\gcl\framebuffer.h">
      <Filter>inc\geodesuka\core\gcl</Filter>
    </ClInclude>
    <ClInclude Include="inc\geodesuka\core\util\log.h">
      <Filter>inc\geodesuka\core\util</Filter>
    </ClInclude>
    <ClInclude Include="inc\geodesuka\core\stage.h">
      <Filter>inc\geodesuka\core</Filter>
    </ClInclude>
    <ClInclude Include="inc\geodesuka\core\stage\canvas.h">
      <Filter>inc\geodesuka\core\stage</Filter>
    </ClInclude>
    <ClInclude Include="inc\geodesuka\core\stage\scene2d.h">
      <Filter>inc\geodesuka\core\stage</Filter>
    </ClInclude>
    <ClInclude Include="inc\geodesuka\core\stage\scene3d.h">
      <Filter>inc\geodesuka\core\stage</Filter>
    </ClInclude>
    <ClInclude Include="inc\geodesuka\builtin\object\triangle.h">
      <Filter>inc\geodesuka\builtin\object</Filter>
    </ClInclude>
    <ClInclude Include="inc\geodesuka\builtin\object\cube.h">
      <Filter>inc\geodesuka\builtin\object</Filter>
    </ClInclude>
    <ClInclude Include="inc\geodesuka\core\object\system_terminal.h">
      <Filter>inc\geodesuka\core\object</Filter>
    </ClInclude>
    <ClInclude Include="inc\geodesuka\core\logic\timer.h">
      <Filter>inc\geodesuka\core\logic</Filter>
    </ClInclude>
    <ClInclude Include="inc\geodesuka\core\stage\desktop.h">
      <Filter>inc\geodesuka\core\stage</Filter>
    </ClInclude>
    <ClInclude Include="inc\geodesuka\core\app.h">
      <Filter>inc\geodesuka\core</Filter>
    </ClInclude>
    <ClInclude Include="inc\geodesuka\core\gcl\pipeline.h">
      <Filter>inc\geodesuka\core\gcl</Filter>
    </ClInclude>
    <ClInclude Include="inc\geodesuka\core\gcl\renderpass.h">
      <Filter>inc\geodesuka\core\gcl</Filter>
    </ClInclude>
    <ClInclude Include="inc\geodesuka\builtin\stage\example.h">
      <Filter>inc\geodesuka\builtin\stage</Filter>
    </ClInclude>
    <ClInclude Include="inc\geodesuka\core\object\render_target.h">
      <Filter>inc\geodesuka\core\object</Filter>
    </ClInclude>
    <ClInclude Include="inc\geodesuka\core\gcl.h">
      <Filter>inc\geodesuka\core</Filter>
    </ClInclude>
    <ClInclude Include="inc\geodesuka\core\graphics\material.h">
      <Filter>inc\geodesuka\core\graphics</Filter>
    </ClInclude>
    <ClInclude Include="inc\geodesuka\core\graphics\mesh.h">
      <Filter>inc\geodesuka\core\graphics</Filter>
    </ClInclude>
    <ClInclude Include="inc\geodesuka\core\graphics\model.h">
      <Filter>inc\geodesuka\core\graphics</Filter>
    </ClInclude>
    <ClInclude Include="inc\geodesuka\core\util\string.h">
      <Filter>inc\geodesuka\core\util</Filter>
    </ClInclude>
    <ClInclude Include="inc\geodesuka\core\object\text.h">
      <Filter>inc\geodesuka\core\object</Filter>
    </ClInclude>
    <ClInclude Include="inc\geodesuka\core\math.h">
      <Filter>inc\geodesuka\core</Filter>
    </ClInclude>
    <ClInclude Include="inc\geodesuka\core\math\config.h">
      <Filter>inc\geodesuka\core\math</Filter>
    </ClInclude>
    <ClInclude Include="inc\geodesuka\core\math\matrix.h">
      <Filter>inc\geodesuka\core\math</Filter>
    </ClInclude>
    <ClInclude Include="inc\geodesuka\core\math\number.h">
      <Filter>inc\geodesuka\core\math</Filter>
    </ClInclude>
    <ClInclude Include="inc\geodesuka\core\math\vector.h">
      <Filter>inc\geodesuka\core\math</Filter>
    </ClInclude>
    <ClInclude Include="inc\geodesuka\core\math\number\complex.h">
      <Filter>inc\geodesuka\core\math\number</Filter>
    </ClInclude>
    <ClInclude Include="inc\geodesuka\core\math\number\constants.h">
      <Filter>inc\geodesuka\core\math\number</Filter>
    </ClInclude>
    <ClInclude Include="inc\geodesuka\core\math\number\quaternion.h">
      <Filter>inc\geodesuka\core\math\number</Filter>
    </ClInclude>
    <ClInclude Include="inc\geodesuka\core\math\number\type.h">
      <Filter>inc\geodesuka\core\math\number</Filter>
    </ClInclude>
    <ClInclude Include="inc\geodesuka\core\math\vector\float2.h">
      <Filter>inc\geodesuka\core\math\vector</Filter>
    </ClInclude>
    <ClInclude Include="inc\geodesuka\core\math\vector\float3.h">
      <Filter>inc\geodesuka\core\math\vector</Filter>
    </ClInclude>
    <ClInclude Include="inc\geodesuka\core\math\vector\float4.h">
      <Filter>inc\geodesuka\core\math\vector</Filter>
    </ClInclude>
    <ClInclude Include="inc\geodesuka\core\math\vector\int2.h">
      <Filter>inc\geodesuka\core\math\vector</Filter>
    </ClInclude>
    <ClInclude Include="inc\geodesuka\core\math\vector\int3.h">
      <Filter>inc\geodesuka\core\math\vector</Filter>
    </ClInclude>
    <ClInclude Include="inc\geodesuka\core\math\vector\int4.h">
      <Filter>inc\geodesuka\core\math\vector</Filter>
    </ClInclude>
    <ClInclude Include="inc\geodesuka\core\math\vector\short2.h">
      <Filter>inc\geodesuka\core\math\vector</Filter>
    </ClInclude>
    <ClInclude Include="inc\geodesuka\core\math\vector\short3.h">
      <Filter>inc\geodesuka\core\math\vector</Filter>
    </ClInclude>
    <ClInclude Include="inc\geodesuka\core\math\vector\short4.h">
      <Filter>inc\geodesuka\core\math\vector</Filter>
    </ClInclude>
    <ClInclude Include="inc\geodesuka\core\math\vector\uint2.h">
      <Filter>inc\geodesuka\core\math\vector</Filter>
    </ClInclude>
    <ClInclude Include="inc\geodesuka\core\math\vector\uint3.h">
      <Filter>inc\geodesuka\core\math\vector</Filter>
    </ClInclude>
    <ClInclude Include="inc\geodesuka\core\math\vector\uint4.h">
      <Filter>inc\geodesuka\core\math\vector</Filter>
    </ClInclude>
    <ClInclude Include="inc\geodesuka\core\math\vector\ushort2.h">
      <Filter>inc\geodesuka\core\math\vector</Filter>
    </ClInclude>
    <ClInclude Include="inc\geodesuka\core\math\vector\ushort3.h">
      <Filter>inc\geodesuka\core\math\vector</Filter>
    </ClInclude>
    <ClInclude Include="inc\geodesuka\core\math\vector\ushort4.h">
      <Filter>inc\geodesuka\core\math\vector</Filter>
    </ClInclude>
    <ClInclude Include="inc\geodesuka\core\math\matrix\float2x2.h">
      <Filter>inc\geodesuka\core\math\matrix</Filter>
    </ClInclude>
    <ClInclude Include="inc\geodesuka\core\math\matrix\float2x3.h">
      <Filter>inc\geodesuka\core\math\matrix</Filter>
    </ClInclude>
    <ClInclude Include="inc\geodesuka\core\math\matrix\float2x4.h">
      <Filter>inc\geodesuka\core\math\matrix</Filter>
    </ClInclude>
    <ClInclude Include="inc\geodesuka\core\math\matrix\float3x2.h">
      <Filter>inc\geodesuka\core\math\matrix</Filter>
    </ClInclude>
    <ClInclude Include="inc\geodesuka\core\math\matrix\float3x3.h">
      <Filter>inc\geodesuka\core\math\matrix</Filter>
    </ClInclude>
    <ClInclude Include="inc\geodesuka\core\math\matrix\float3x4.h">
      <Filter>inc\geodesuka\core\math\matrix</Filter>
    </ClInclude>
    <ClInclude Include="inc\geodesuka\core\math\matrix\float4x2.h">
      <Filter>inc\geodesuka\core\math\matrix</Filter>
    </ClInclude>
    <ClInclude Include="inc\geodesuka\core\math\matrix\float4x3.h">
      <Filter>inc\geodesuka\core\math\matrix</Filter>
    </ClInclude>
    <ClInclude Include="inc\geodesuka\core\math\matrix\float4x4.h">
      <Filter>inc\geodesuka\core\math\matrix</Filter>
    </ClInclude>
    <ClInclude Include="inc\geodesuka\core\math\matrix\multiply.h">
      <Filter>inc\geodesuka\core\math\matrix</Filter>
    </ClInclude>
    <ClInclude Include="inc\geodesuka\core\math\vector\char2.h">
      <Filter>inc\geodesuka\core\math\vector</Filter>
    </ClInclude>
    <ClInclude Include="inc\geodesuka\core\math\vector\char3.h">
      <Filter>inc\geodesuka\core\math\vector</Filter>
    </ClInclude>
    <ClInclude Include="inc\geodesuka\core\math\vector\char4.h">
      <Filter>inc\geodesuka\core\math\vector</Filter>
    </ClInclude>
    <ClInclude Include="inc\geodesuka\core\math\vector\uchar2.h">
      <Filter>inc\geodesuka\core\math\vector</Filter>
    </ClInclude>
    <ClInclude Include="inc\geodesuka\core\math\vector\uchar3.h">
      <Filter>inc\geodesuka\core\math\vector</Filter>
    </ClInclude>
    <ClInclude Include="inc\geodesuka\core\math\vector\uchar4.h">
      <Filter>inc\geodesuka\core\math\vector</Filter>
    </ClInclude>
    <ClInclude Include="inc\geodesuka\core\gcl\command_batch.h">
      <Filter>inc\geodesuka\core\gcl</Filter>
    </ClInclude>
    <ClInclude Include="inc\geodesuka\core\gcl\command_pool.h">
      <Filter>inc\geodesuka\core\gcl</Filter>
    </ClInclude>
    <ClInclude Include="inc\geodesuka\core\logic\time_step.h">
      <Filter>inc\geodesuka\core\logic</Filter>
    </ClInclude>
    <ClInclude Include="inc\geodesuka\core\gcl\command_list.h">
      <Filter>inc\geodesuka\core\gcl</Filter>
    </ClInclude>
    <ClInclude Include="inc\geodesuka\core\gcl\image.h">
      <Filter>inc\geodesuka\core\gcl</Filter>
    </ClInclude>
    <ClInclude Include="inc\geodesuka\core\hid.h">
      <Filter>inc\geodesuka\core</Filter>
    </ClInclude>
    <ClInclude Include="inc\geodesuka\core\io.h">
      <Filter>inc\geodesuka\core</Filter>
    </ClInclude>
    <ClInclude Include="inc\geodesuka\core\logic.h">
      <Filter>inc\geodesuka\core</Filter>
    </ClInclude>
    <ClInclude Include="inc\geodesuka\core\util.h">
      <Filter>inc\geodesuka\core</Filter>
    </ClInclude>
    <ClInclude Include="inc\geodesuka\core\gcl\config.h">
      <Filter>inc\geodesuka\core\gcl</Filter>
    </ClInclude>
    <ClInclude Include="inc\geodesuka\core\object_t.h">
      <Filter>inc\geodesuka\core</Filter>
    </ClInclude>
    <ClInclude Include="inc\geodesuka\core\stage_t.h">
      <Filter>inc\geodesuka\core</Filter>
    </ClInclude>
    <ClInclude Include="inc\geodesuka\core\object_list.h">
      <Filter>inc\geodesuka\core</Filter>
    </ClInclude>
    <ClInclude Include="inc\geodesuka\core\stage_list.h">
      <Filter>inc\geodesuka\core</Filter>
    </ClInclude>
    <ClInclude Include="inc\geodesuka\core\gcl\context_list.h">
      <Filter>inc\geodesuka\core\gcl</Filter>
    </ClInclude>
    <ClInclude Include="inc\geodesuka\core\io\file_manager.h">
      <Filter>inc\geodesuka\core\io</Filter>
    </ClInclude>
    <ClInclude Include="inc\geodesuka\core\gcl\device_list.h">
      <Filter>inc\geodesuka\core\gcl</Filter>
    </ClInclude>
    <ClInclude Include="inc\geodesuka\core\gcl\variable.h">
      <Filter>inc\geodesuka\core\gcl</Filter>
    </ClInclude>
    <ClInclude Include="inc\geodesuka\config.h">
      <Filter>inc\geodesuka</Filter>
    </ClInclude>
    <ClInclude Include="inc\geodesuka\builtin\app\unit_test.h">
      <Filter>inc\geodesuka\builtin\app</Filter>
    </ClInclude>
    <ClInclude Include="inc\geodesuka\core\logic\thread_controller.h">
      <Filter>inc\geodesuka\core\logic</Filter>
    </ClInclude>
    <ClInclude Include="inc\geodesuka\core\logic\thread_list.h">
      <Filter>inc\geodesuka\core\logic</Filter>
    </ClInclude>
    <ClInclude Include="inc\geodesuka\core\graphics\font.h">
      <Filter>inc\geodesuka\core\graphics</Filter>
    </ClInclude>
    <ClInclude Include="inc\geodesuka\core\graphics.h">
      <Filter>inc\geodesuka\core</Filter>
    </ClInclude>
    <ClInclude Include="inc\geodesuka\core\object\light.h">
      <Filter>inc\geodesuka\core\object</Filter>
    </ClInclude>
    <ClInclude Include="inc\geodesuka\core\graphics\animation.h">
      <Filter>inc\geodesuka\core\graphics</Filter>
    </ClInclude>
    <ClInclude Include="inc\geodesuka\builtin\object\gizmo.h">
      <Filter>inc\geodesuka\builtin\object</Filter>
    </ClInclude>
    <ClInclude Include="inc\geodesuka\core\object\skybox.h">
      <Filter>inc\geodesuka\core\object</Filter>
    </ClInclude>
    <ClInclude Include="inc\geodesuka\builtin\stage\demo3d.h">
      <Filter>inc\geodesuka\builtin\stage</Filter>
    </ClInclude>
    <ClInclude Include="inc\geodesuka\core\graphics\render_operation.h">
      <Filter>inc\geodesuka\core\graphics</Filter>
    </ClInclude>
    <ClInclude Include="inc\geodesuka\builtin\object\quad.h">
      <Filter>inc\geodesuka\builtin\object</Filter>
    </ClInclude>
    <ClInclude Include="inc\geodesuka\builtin\stage\demo_canvas.h">
      <Filter>inc\geodesuka\builtin\stage</Filter>
    </ClInclude>
    <ClInclude Include="inc\geodesuka\builtin\stage\demo2d.h">
      <Filter>inc\geodesuka\builtin\stage</Filter>
    </ClInclude>
    <ClInclude Include="inc\geodesuka\core\gcl\descriptor.h">
      <Filter>inc\geodesuka\core\gcl</Filter>
    </ClInclude>
    <ClInclude Include="src\ResourceLimits.h">
      <Filter>src\StandAlone</Filter>
    </ClInclude>
  </ItemGroup>
</Project>