
Microsoft Visual Studio Solution File, Format Version 12.00
# Visual Studio Version 17
VisualStudioVersion = 17.3.32819.101
MinimumVisualStudioVersion = 10.0.40219.1
Project("{8BC9CEB8-8B4A-11D0-8D11-00A0C91BC942}") = "geodesuka", "geodesuka.vcxproj", "{31ECF721-D7C6-4E50-8599-ABEDEF79069C}"
	ProjectSection(ProjectDependencies) = postProject
		{18B967DC-9E7A-33FA-89A9-0DF3B933D237} = {18B967DC-9E7A-33FA-89A9-0DF3B933D237}
		{451D977C-6B4A-30A2-853B-E66A6CE51DA4} = {451D977C-6B4A-30A2-853B-E66A6CE51DA4}
		{4F75F8D9-952A-3803-B79F-F885F4D09159} = {4F75F8D9-952A-3803-B79F-F885F4D09159}
		{7324B1F8-2A08-3F69-A00A-85B08E86ACBC} = {7324B1F8-2A08-3F69-A00A-85B08E86ACBC}
		{84DF16EE-C789-38AB-B631-47E6BEADC407} = {84DF16EE-C789-38AB-B631-47E6BEADC407}
		{9E219DF2-315D-478E-8A07-8960C377CE1E} = {9E219DF2-315D-478E-8A07-8960C377CE1E}
	EndProjectSection
EndProject
Project("{8BC9CEB8-8B4A-11D0-8D11-00A0C91BC942}") = "unit-test", "unit-test.vcxproj", "{21A2F475-85C6-41D1-B8C4-AB9C895B8CBF}"
	ProjectSection(ProjectDependencies) = postProject
		{18B967DC-9E7A-33FA-89A9-0DF3B933D237} = {18B967DC-9E7A-33FA-89A9-0DF3B933D237}
		{31ECF721-D7C6-4E50-8599-ABEDEF79069C} = {31ECF721-D7C6-4E50-8599-ABEDEF79069C}
		{451D977C-6B4A-30A2-853B-E66A6CE51DA4} = {451D977C-6B4A-30A2-853B-E66A6CE51DA4}
		{4F75F8D9-952A-3803-B79F-F885F4D09159} = {4F75F8D9-952A-3803-B79F-F885F4D09159}
		{7324B1F8-2A08-3F69-A00A-85B08E86ACBC} = {7324B1F8-2A08-3F69-A00A-85B08E86ACBC}
		{84DF16EE-C789-38AB-B631-47E6BEADC407} = {84DF16EE-C789-38AB-B631-47E6BEADC407}
		{9E219DF2-315D-478E-8A07-8960C377CE1E} = {9E219DF2-315D-478E-8A07-8960C377CE1E}
	EndProjectSection
EndProject
Project("{8BC9CEB8-8B4A-11D0-8D11-00A0C91BC942}") = "glfw", "dep\glfw\bld\Windows\x64\src\glfw.vcxproj", "{18B967DC-9E7A-33FA-89A9-0DF3B933D237}"
EndProject
Project("{8BC9CEB8-8B4A-11D0-8D11-00A0C91BC942}") = "assimp", "dep\assimp\bld\Windows\x64\code\assimp.vcxproj", "{451D977C-6B4A-30A2-853B-E66A6CE51DA4}"
EndProject
Project("{8BC9CEB8-8B4A-11D0-8D11-00A0C91BC942}") = "zlibstatic", "dep\assimp\bld\Windows\x64\contrib\zlib\zlibstatic.vcxproj", "{4F75F8D9-952A-3803-B79F-F885F4D09159}"
EndProject
Project("{8BC9CEB8-8B4A-11D0-8D11-00A0C91BC942}") = "freetype", "dep\freetype\bld\Windows\x64\freetype.vcxproj", "{84DF16EE-C789-38AB-B631-47E6BEADC407}"
EndProject
Project("{8BC9CEB8-8B4A-11D0-8D11-00A0C91BC942}") = "portaudio_static", "dep\portaudio\bld\Windows\x64\portaudio_static.vcxproj", "{7324B1F8-2A08-3F69-A00A-85B08E86ACBC}"
EndProject
Project("{8BC9CEB8-8B4A-11D0-8D11-00A0C91BC942}") = "FreeImageLib", "dep\freeimage\Source\FreeImageLib\FreeImageLib.2017.vcxproj", "{9E219DF2-315D-478E-8A07-8960C377CE1E}"
EndProject
Project("{8BC9CEB8-8B4A-11D0-8D11-00A0C91BC942}") = "LibJPEG", "dep\freeimage\Source\LibJPEG\LibJPEG.2017.vcxproj", "{5E1D4E5F-E10C-4BA3-B663-F33014FD21D9}"
EndProject
Project("{8BC9CEB8-8B4A-11D0-8D11-00A0C91BC942}") = "LibJXR", "dep\freeimage\Source\LibJXR\LibJXR.2017.vcxproj", "{244455E0-5F25-4451-9540-F317883E52A8}"
EndProject
Project("{8BC9CEB8-8B4A-11D0-8D11-00A0C91BC942}") = "LibOpenJPEG", "dep\freeimage\Source\LibOpenJPEG\LibOpenJPEG.2017.vcxproj", "{E3536C28-A7F1-4B53-8E52-7D2232F9E098}"
EndProject
Project("{8BC9CEB8-8B4A-11D0-8D11-00A0C91BC942}") = "LibPNG", "dep\freeimage\Source\LibPNG\LibPNG.2017.vcxproj", "{7DB10B50-CE00-4D7A-B322-6824F05D2FCB}"
EndProject
Project("{8BC9CEB8-8B4A-11D0-8D11-00A0C91BC942}") = "LibRaw", "dep\freeimage\Source\LibRawLite\LibRawLite.2017.vcxproj", "{07F662C1-1323-42AB-B6AF-FBFD34A7437A}"
EndProject
Project("{8BC9CEB8-8B4A-11D0-8D11-00A0C91BC942}") = "LibTIFF4", "dep\freeimage\Source\LibTIFF4\LibTIFF4.2017.vcxproj", "{EC085CBD-E9C3-477F-9A97-CB9D5DA30E27}"
EndProject
Project("{8BC9CEB8-8B4A-11D0-8D11-00A0C91BC942}") = "LibWebP", "dep\freeimage\Source\LibWebP\LibWebP.2017.vcxproj", "{097D9F6C-FD0E-4CBC-9676-009012AAECA8}"
EndProject
Project("{8BC9CEB8-8B4A-11D0-8D11-00A0C91BC942}") = "OpenEXR", "dep\freeimage\Source\OpenEXR\OpenEXR.2017.vcxproj", "{17A4874B-0606-4687-90B6-F91F8CB3B8AF}"
EndProject
Project("{8BC9CEB8-8B4A-11D0-8D11-00A0C91BC942}") = "ZLib", "dep\freeimage\Source\ZLib\ZLib.2017.vcxproj", "{33134F61-C1AD-4B6F-9CEA-503A9F140C52}"
EndProject
Global
	GlobalSection(SolutionConfigurationPlatforms) = preSolution
		Debug|ARM = Debug|ARM
		Debug|ARM64 = Debug|ARM64
		Debug|x64 = Debug|x64
		Debug|x86 = Debug|x86
		MinSizeRel|ARM = MinSizeRel|ARM
		MinSizeRel|ARM64 = MinSizeRel|ARM64
		MinSizeRel|x64 = MinSizeRel|x64
		MinSizeRel|x86 = MinSizeRel|x86
		Release|ARM = Release|ARM
		Release|ARM64 = Release|ARM64
		Release|x64 = Release|x64
		Release|x86 = Release|x86
		RelWithDebInfo|ARM = RelWithDebInfo|ARM
		RelWithDebInfo|ARM64 = RelWithDebInfo|ARM64
		RelWithDebInfo|x64 = RelWithDebInfo|x64
		RelWithDebInfo|x86 = RelWithDebInfo|x86
	EndGlobalSection
	GlobalSection(ProjectConfigurationPlatforms) = postSolution
		{31ECF721-D7C6-4E50-8599-ABEDEF79069C}.Debug|ARM.ActiveCfg = Debug|x64
		{31ECF721-D7C6-4E50-8599-ABEDEF79069C}.Debug|ARM.Build.0 = Debug|x64
		{31ECF721-D7C6-4E50-8599-ABEDEF79069C}.Debug|ARM64.ActiveCfg = Debug|x64
		{31ECF721-D7C6-4E50-8599-ABEDEF79069C}.Debug|ARM64.Build.0 = Debug|x64
		{31ECF721-D7C6-4E50-8599-ABEDEF79069C}.Debug|x64.ActiveCfg = Debug|x64
		{31ECF721-D7C6-4E50-8599-ABEDEF79069C}.Debug|x64.Build.0 = Debug|x64
		{31ECF721-D7C6-4E50-8599-ABEDEF79069C}.Debug|x86.ActiveCfg = Debug|Win32
		{31ECF721-D7C6-4E50-8599-ABEDEF79069C}.Debug|x86.Build.0 = Debug|Win32
		{31ECF721-D7C6-4E50-8599-ABEDEF79069C}.MinSizeRel|ARM.ActiveCfg = Release|x64
		{31ECF721-D7C6-4E50-8599-ABEDEF79069C}.MinSizeRel|ARM.Build.0 = Release|x64
		{31ECF721-D7C6-4E50-8599-ABEDEF79069C}.MinSizeRel|ARM64.ActiveCfg = Release|x64
		{31ECF721-D7C6-4E50-8599-ABEDEF79069C}.MinSizeRel|ARM64.Build.0 = Release|x64
		{31ECF721-D7C6-4E50-8599-ABEDEF79069C}.MinSizeRel|x64.ActiveCfg = Release|x64
		{31ECF721-D7C6-4E50-8599-ABEDEF79069C}.MinSizeRel|x64.Build.0 = Release|x64
		{31ECF721-D7C6-4E50-8599-ABEDEF79069C}.MinSizeRel|x86.ActiveCfg = Release|Win32
		{31ECF721-D7C6-4E50-8599-ABEDEF79069C}.MinSizeRel|x86.Build.0 = Release|Win32
		{31ECF721-D7C6-4E50-8599-ABEDEF79069C}.Release|ARM.ActiveCfg = Release|x64
		{31ECF721-D7C6-4E50-8599-ABEDEF79069C}.Release|ARM.Build.0 = Release|x64
		{31ECF721-D7C6-4E50-8599-ABEDEF79069C}.Release|ARM64.ActiveCfg = Release|x64
		{31ECF721-D7C6-4E50-8599-ABEDEF79069C}.Release|ARM64.Build.0 = Release|x64
		{31ECF721-D7C6-4E50-8599-ABEDEF79069C}.Release|x64.ActiveCfg = Release|x64
		{31ECF721-D7C6-4E50-8599-ABEDEF79069C}.Release|x64.Build.0 = Release|x64
		{31ECF721-D7C6-4E50-8599-ABEDEF79069C}.Release|x86.ActiveCfg = Release|Win32
		{31ECF721-D7C6-4E50-8599-ABEDEF79069C}.Release|x86.Build.0 = Release|Win32
		{31ECF721-D7C6-4E50-8599-ABEDEF79069C}.RelWithDebInfo|ARM.ActiveCfg = Release|x64
		{31ECF721-D7C6-4E50-8599-ABEDEF79069C}.RelWithDebInfo|ARM.Build.0 = Release|x64
		{31ECF721-D7C6-4E50-8599-ABEDEF79069C}.RelWithDebInfo|ARM64.ActiveCfg = Release|x64
		{31ECF721-D7C6-4E50-8599-ABEDEF79069C}.RelWithDebInfo|ARM64.Build.0 = Release|x64
		{31ECF721-D7C6-4E50-8599-ABEDEF79069C}.RelWithDebInfo|x64.ActiveCfg = Release|x64
		{31ECF721-D7C6-4E50-8599-ABEDEF79069C}.RelWithDebInfo|x64.Build.0 = Release|x64
		{31ECF721-D7C6-4E50-8599-ABEDEF79069C}.RelWithDebInfo|x86.ActiveCfg = Release|Win32
		{31ECF721-D7C6-4E50-8599-ABEDEF79069C}.RelWithDebInfo|x86.Build.0 = Release|Win32
		{21A2F475-85C6-41D1-B8C4-AB9C895B8CBF}.Debug|ARM.ActiveCfg = Debug|x64
		{21A2F475-85C6-41D1-B8C4-AB9C895B8CBF}.Debug|ARM.Build.0 = Debug|x64
		{21A2F475-85C6-41D1-B8C4-AB9C895B8CBF}.Debug|ARM64.ActiveCfg = Debug|x64
		{21A2F475-85C6-41D1-B8C4-AB9C895B8CBF}.Debug|ARM64.Build.0 = Debug|x64
		{21A2F475-85C6-41D1-B8C4-AB9C895B8CBF}.Debug|x64.ActiveCfg = Debug|x64
		{21A2F475-85C6-41D1-B8C4-AB9C895B8CBF}.Debug|x64.Build.0 = Debug|x64
		{21A2F475-85C6-41D1-B8C4-AB9C895B8CBF}.Debug|x86.ActiveCfg = Debug|Win32
		{21A2F475-85C6-41D1-B8C4-AB9C895B8CBF}.Debug|x86.Build.0 = Debug|Win32
		{21A2F475-85C6-41D1-B8C4-AB9C895B8CBF}.MinSizeRel|ARM.ActiveCfg = Release|x64
		{21A2F475-85C6-41D1-B8C4-AB9C895B8CBF}.MinSizeRel|ARM.Build.0 = Release|x64
		{21A2F475-85C6-41D1-B8C4-AB9C895B8CBF}.MinSizeRel|ARM64.ActiveCfg = Release|x64
		{21A2F475-85C6-41D1-B8C4-AB9C895B8CBF}.MinSizeRel|ARM64.Build.0 = Release|x64
		{21A2F475-85C6-41D1-B8C4-AB9C895B8CBF}.MinSizeRel|x64.ActiveCfg = Debug|x64
		{21A2F475-85C6-41D1-B8C4-AB9C895B8CBF}.MinSizeRel|x64.Build.0 = Debug|x64
		{21A2F475-85C6-41D1-B8C4-AB9C895B8CBF}.MinSizeRel|x86.ActiveCfg = Debug|Win32
		{21A2F475-85C6-41D1-B8C4-AB9C895B8CBF}.MinSizeRel|x86.Build.0 = Debug|Win32
		{21A2F475-85C6-41D1-B8C4-AB9C895B8CBF}.Release|ARM.ActiveCfg = Release|x64
		{21A2F475-85C6-41D1-B8C4-AB9C895B8CBF}.Release|ARM.Build.0 = Release|x64
		{21A2F475-85C6-41D1-B8C4-AB9C895B8CBF}.Release|ARM64.ActiveCfg = Release|x64
		{21A2F475-85C6-41D1-B8C4-AB9C895B8CBF}.Release|ARM64.Build.0 = Release|x64
		{21A2F475-85C6-41D1-B8C4-AB9C895B8CBF}.Release|x64.ActiveCfg = Release|x64
		{21A2F475-85C6-41D1-B8C4-AB9C895B8CBF}.Release|x64.Build.0 = Release|x64
		{21A2F475-85C6-41D1-B8C4-AB9C895B8CBF}.Release|x86.ActiveCfg = Release|Win32
		{21A2F475-85C6-41D1-B8C4-AB9C895B8CBF}.Release|x86.Build.0 = Release|Win32
		{21A2F475-85C6-41D1-B8C4-AB9C895B8CBF}.RelWithDebInfo|ARM.ActiveCfg = Release|x64
		{21A2F475-85C6-41D1-B8C4-AB9C895B8CBF}.RelWithDebInfo|ARM.Build.0 = Release|x64
		{21A2F475-85C6-41D1-B8C4-AB9C895B8CBF}.RelWithDebInfo|ARM64.ActiveCfg = Release|x64
		{21A2F475-85C6-41D1-B8C4-AB9C895B8CBF}.RelWithDebInfo|ARM64.Build.0 = Release|x64
		{21A2F475-85C6-41D1-B8C4-AB9C895B8CBF}.RelWithDebInfo|x64.ActiveCfg = Release|x64
		{21A2F475-85C6-41D1-B8C4-AB9C895B8CBF}.RelWithDebInfo|x64.Build.0 = Release|x64
		{21A2F475-85C6-41D1-B8C4-AB9C895B8CBF}.RelWithDebInfo|x86.ActiveCfg = Release|Win32
		{21A2F475-85C6-41D1-B8C4-AB9C895B8CBF}.RelWithDebInfo|x86.Build.0 = Release|Win32
		{18B967DC-9E7A-33FA-89A9-0DF3B933D237}.Debug|ARM.ActiveCfg = Debug|x64
		{18B967DC-9E7A-33FA-89A9-0DF3B933D237}.Debug|ARM.Build.0 = Debug|x64
		{18B967DC-9E7A-33FA-89A9-0DF3B933D237}.Debug|ARM64.ActiveCfg = Debug|x64
		{18B967DC-9E7A-33FA-89A9-0DF3B933D237}.Debug|ARM64.Build.0 = Debug|x64
		{18B967DC-9E7A-33FA-89A9-0DF3B933D237}.Debug|x64.ActiveCfg = Debug|x64
		{18B967DC-9E7A-33FA-89A9-0DF3B933D237}.Debug|x64.Build.0 = Debug|x64
		{18B967DC-9E7A-33FA-89A9-0DF3B933D237}.Debug|x86.ActiveCfg = Debug|x64
		{18B967DC-9E7A-33FA-89A9-0DF3B933D237}.Debug|x86.Build.0 = Debug|x64
		{18B967DC-9E7A-33FA-89A9-0DF3B933D237}.MinSizeRel|ARM.ActiveCfg = MinSizeRel|x64
		{18B967DC-9E7A-33FA-89A9-0DF3B933D237}.MinSizeRel|ARM.Build.0 = MinSizeRel|x64
		{18B967DC-9E7A-33FA-89A9-0DF3B933D237}.MinSizeRel|ARM64.ActiveCfg = MinSizeRel|x64
		{18B967DC-9E7A-33FA-89A9-0DF3B933D237}.MinSizeRel|ARM64.Build.0 = MinSizeRel|x64
		{18B967DC-9E7A-33FA-89A9-0DF3B933D237}.MinSizeRel|x64.ActiveCfg = MinSizeRel|x64
		{18B967DC-9E7A-33FA-89A9-0DF3B933D237}.MinSizeRel|x64.Build.0 = MinSizeRel|x64
		{18B967DC-9E7A-33FA-89A9-0DF3B933D237}.MinSizeRel|x86.ActiveCfg = MinSizeRel|x64
		{18B967DC-9E7A-33FA-89A9-0DF3B933D237}.MinSizeRel|x86.Build.0 = MinSizeRel|x64
		{18B967DC-9E7A-33FA-89A9-0DF3B933D237}.Release|ARM.ActiveCfg = Release|x64
		{18B967DC-9E7A-33FA-89A9-0DF3B933D237}.Release|ARM.Build.0 = Release|x64
		{18B967DC-9E7A-33FA-89A9-0DF3B933D237}.Release|ARM64.ActiveCfg = Release|x64
		{18B967DC-9E7A-33FA-89A9-0DF3B933D237}.Release|ARM64.Build.0 = Release|x64
		{18B967DC-9E7A-33FA-89A9-0DF3B933D237}.Release|x64.ActiveCfg = Release|x64
		{18B967DC-9E7A-33FA-89A9-0DF3B933D237}.Release|x64.Build.0 = Release|x64
		{18B967DC-9E7A-33FA-89A9-0DF3B933D237}.Release|x86.ActiveCfg = Release|x64
		{18B967DC-9E7A-33FA-89A9-0DF3B933D237}.Release|x86.Build.0 = Release|x64
		{18B967DC-9E7A-33FA-89A9-0DF3B933D237}.RelWithDebInfo|ARM.ActiveCfg = RelWithDebInfo|x64
		{18B967DC-9E7A-33FA-89A9-0DF3B933D237}.RelWithDebInfo|ARM.Build.0 = RelWithDebInfo|x64
		{18B967DC-9E7A-33FA-89A9-0DF3B933D237}.RelWithDebInfo|ARM64.ActiveCfg = RelWithDebInfo|x64
		{18B967DC-9E7A-33FA-89A9-0DF3B933D237}.RelWithDebInfo|ARM64.Build.0 = RelWithDebInfo|x64
		{18B967DC-9E7A-33FA-89A9-0DF3B933D237}.RelWithDebInfo|x64.ActiveCfg = RelWithDebInfo|x64
		{18B967DC-9E7A-33FA-89A9-0DF3B933D237}.RelWithDebInfo|x64.Build.0 = RelWithDebInfo|x64
		{18B967DC-9E7A-33FA-89A9-0DF3B933D237}.RelWithDebInfo|x86.ActiveCfg = RelWithDebInfo|x64
		{18B967DC-9E7A-33FA-89A9-0DF3B933D237}.RelWithDebInfo|x86.Build.0 = RelWithDebInfo|x64
		{451D977C-6B4A-30A2-853B-E66A6CE51DA4}.Debug|ARM.ActiveCfg = Debug|x64
		{451D977C-6B4A-30A2-853B-E66A6CE51DA4}.Debug|ARM.Build.0 = Debug|x64
		{451D977C-6B4A-30A2-853B-E66A6CE51DA4}.Debug|ARM64.ActiveCfg = Debug|x64
		{451D977C-6B4A-30A2-853B-E66A6CE51DA4}.Debug|ARM64.Build.0 = Debug|x64
		{451D977C-6B4A-30A2-853B-E66A6CE51DA4}.Debug|x64.ActiveCfg = Debug|x64
		{451D977C-6B4A-30A2-853B-E66A6CE51DA4}.Debug|x64.Build.0 = Debug|x64
		{451D977C-6B4A-30A2-853B-E66A6CE51DA4}.Debug|x86.ActiveCfg = Debug|x64
		{451D977C-6B4A-30A2-853B-E66A6CE51DA4}.Debug|x86.Build.0 = Debug|x64
		{451D977C-6B4A-30A2-853B-E66A6CE51DA4}.MinSizeRel|ARM.ActiveCfg = MinSizeRel|x64
		{451D977C-6B4A-30A2-853B-E66A6CE51DA4}.MinSizeRel|ARM.Build.0 = MinSizeRel|x64
		{451D977C-6B4A-30A2-853B-E66A6CE51DA4}.MinSizeRel|ARM64.ActiveCfg = MinSizeRel|x64
		{451D977C-6B4A-30A2-853B-E66A6CE51DA4}.MinSizeRel|ARM64.Build.0 = MinSizeRel|x64
		{451D977C-6B4A-30A2-853B-E66A6CE51DA4}.MinSizeRel|x64.ActiveCfg = MinSizeRel|x64
		{451D977C-6B4A-30A2-853B-E66A6CE51DA4}.MinSizeRel|x64.Build.0 = MinSizeRel|x64
		{451D977C-6B4A-30A2-853B-E66A6CE51DA4}.MinSizeRel|x86.ActiveCfg = MinSizeRel|x64
		{451D977C-6B4A-30A2-853B-E66A6CE51DA4}.MinSizeRel|x86.Build.0 = MinSizeRel|x64
		{451D977C-6B4A-30A2-853B-E66A6CE51DA4}.Release|ARM.ActiveCfg = Release|x64
		{451D977C-6B4A-30A2-853B-E66A6CE51DA4}.Release|ARM.Build.0 = Release|x64
		{451D977C-6B4A-30A2-853B-E66A6CE51DA4}.Release|ARM64.ActiveCfg = Release|x64
		{451D977C-6B4A-30A2-853B-E66A6CE51DA4}.Release|ARM64.Build.0 = Release|x64
		{451D977C-6B4A-30A2-853B-E66A6CE51DA4}.Release|x64.ActiveCfg = Release|x64
		{451D977C-6B4A-30A2-853B-E66A6CE51DA4}.Release|x64.Build.0 = Release|x64
		{451D977C-6B4A-30A2-853B-E66A6CE51DA4}.Release|x86.ActiveCfg = Release|x64
		{451D977C-6B4A-30A2-853B-E66A6CE51DA4}.Release|x86.Build.0 = Release|x64
		{451D977C-6B4A-30A2-853B-E66A6CE51DA4}.RelWithDebInfo|ARM.ActiveCfg = RelWithDebInfo|x64
		{451D977C-6B4A-30A2-853B-E66A6CE51DA4}.RelWithDebInfo|ARM.Build.0 = RelWithDebInfo|x64
		{451D977C-6B4A-30A2-853B-E66A6CE51DA4}.RelWithDebInfo|ARM64.ActiveCfg = RelWithDebInfo|x64
		{451D977C-6B4A-30A2-853B-E66A6CE51DA4}.RelWithDebInfo|ARM64.Build.0 = RelWithDebInfo|x64
		{451D977C-6B4A-30A2-853B-E66A6CE51DA4}.RelWithDebInfo|x64.ActiveCfg = RelWithDebInfo|x64
		{451D977C-6B4A-30A2-853B-E66A6CE51DA4}.RelWithDebInfo|x64.Build.0 = RelWithDebInfo|x64
		{451D977C-6B4A-30A2-853B-E66A6CE51DA4}.RelWithDebInfo|x86.ActiveCfg = RelWithDebInfo|x64
		{451D977C-6B4A-30A2-853B-E66A6CE51DA4}.RelWithDebInfo|x86.Build.0 = RelWithDebInfo|x64
		{4F75F8D9-952A-3803-B79F-F885F4D09159}.Debug|ARM.ActiveCfg = Debug|x64
		{4F75F8D9-952A-3803-B79F-F885F4D09159}.Debug|ARM.Build.0 = Debug|x64
		{4F75F8D9-952A-3803-B79F-F885F4D09159}.Debug|ARM64.ActiveCfg = Debug|x64
		{4F75F8D9-952A-3803-B79F-F885F4D09159}.Debug|ARM64.Build.0 = Debug|x64
		{4F75F8D9-952A-3803-B79F-F885F4D09159}.Debug|x64.ActiveCfg = Debug|x64
		{4F75F8D9-952A-3803-B79F-F885F4D09159}.Debug|x64.Build.0 = Debug|x64
		{4F75F8D9-952A-3803-B79F-F885F4D09159}.Debug|x86.ActiveCfg = Debug|x64
		{4F75F8D9-952A-3803-B79F-F885F4D09159}.Debug|x86.Build.0 = Debug|x64
		{4F75F8D9-952A-3803-B79F-F885F4D09159}.MinSizeRel|ARM.ActiveCfg = MinSizeRel|x64
		{4F75F8D9-952A-3803-B79F-F885F4D09159}.MinSizeRel|ARM.Build.0 = MinSizeRel|x64
		{4F75F8D9-952A-3803-B79F-F885F4D09159}.MinSizeRel|ARM64.ActiveCfg = MinSizeRel|x64
		{4F75F8D9-952A-3803-B79F-F885F4D09159}.MinSizeRel|ARM64.Build.0 = MinSizeRel|x64
		{4F75F8D9-952A-3803-B79F-F885F4D09159}.MinSizeRel|x64.ActiveCfg = MinSizeRel|x64
		{4F75F8D9-952A-3803-B79F-F885F4D09159}.MinSizeRel|x64.Build.0 = MinSizeRel|x64
		{4F75F8D9-952A-3803-B79F-F885F4D09159}.MinSizeRel|x86.ActiveCfg = MinSizeRel|x64
		{4F75F8D9-952A-3803-B79F-F885F4D09159}.MinSizeRel|x86.Build.0 = MinSizeRel|x64
		{4F75F8D9-952A-3803-B79F-F885F4D09159}.Release|ARM.ActiveCfg = Release|x64
		{4F75F8D9-952A-3803-B79F-F885F4D09159}.Release|ARM.Build.0 = Release|x64
		{4F75F8D9-952A-3803-B79F-F885F4D09159}.Release|ARM64.ActiveCfg = Release|x64
		{4F75F8D9-952A-3803-B79F-F885F4D09159}.Release|ARM64.Build.0 = Release|x64
		{4F75F8D9-952A-3803-B79F-F885F4D09159}.Release|x64.ActiveCfg = Release|x64
		{4F75F8D9-952A-3803-B79F-F885F4D09159}.Release|x64.Build.0 = Release|x64
		{4F75F8D9-952A-3803-B79F-F885F4D09159}.Release|x86.ActiveCfg = Release|x64
		{4F75F8D9-952A-3803-B79F-F885F4D09159}.Release|x86.Build.0 = Release|x64
		{4F75F8D9-952A-3803-B79F-F885F4D09159}.RelWithDebInfo|ARM.ActiveCfg = RelWithDebInfo|x64
		{4F75F8D9-952A-3803-B79F-F885F4D09159}.RelWithDebInfo|ARM.Build.0 = RelWithDebInfo|x64
		{4F75F8D9-952A-3803-B79F-F885F4D09159}.RelWithDebInfo|ARM64.ActiveCfg = RelWithDebInfo|x64
		{4F75F8D9-952A-3803-B79F-F885F4D09159}.RelWithDebInfo|ARM64.Build.0 = RelWithDebInfo|x64
		{4F75F8D9-952A-3803-B79F-F885F4D09159}.RelWithDebInfo|x64.ActiveCfg = RelWithDebInfo|x64
		{4F75F8D9-952A-3803-B79F-F885F4D09159}.RelWithDebInfo|x64.Build.0 = RelWithDebInfo|x64
		{4F75F8D9-952A-3803-B79F-F885F4D09159}.RelWithDebInfo|x86.ActiveCfg = RelWithDebInfo|x64
		{4F75F8D9-952A-3803-B79F-F885F4D09159}.RelWithDebInfo|x86.Build.0 = RelWithDebInfo|x64
		{84DF16EE-C789-38AB-B631-47E6BEADC407}.Debug|ARM.ActiveCfg = Debug|x64
		{84DF16EE-C789-38AB-B631-47E6BEADC407}.Debug|ARM.Build.0 = Debug|x64
		{84DF16EE-C789-38AB-B631-47E6BEADC407}.Debug|ARM64.ActiveCfg = Debug|x64
		{84DF16EE-C789-38AB-B631-47E6BEADC407}.Debug|ARM64.Build.0 = Debug|x64
		{84DF16EE-C789-38AB-B631-47E6BEADC407}.Debug|x64.ActiveCfg = Debug|x64
		{84DF16EE-C789-38AB-B631-47E6BEADC407}.Debug|x64.Build.0 = Debug|x64
		{84DF16EE-C789-38AB-B631-47E6BEADC407}.Debug|x86.ActiveCfg = Debug|x64
		{84DF16EE-C789-38AB-B631-47E6BEADC407}.Debug|x86.Build.0 = Debug|x64
		{84DF16EE-C789-38AB-B631-47E6BEADC407}.MinSizeRel|ARM.ActiveCfg = MinSizeRel|x64
		{84DF16EE-C789-38AB-B631-47E6BEADC407}.MinSizeRel|ARM.Build.0 = MinSizeRel|x64
		{84DF16EE-C789-38AB-B631-47E6BEADC407}.MinSizeRel|ARM64.ActiveCfg = MinSizeRel|x64
		{84DF16EE-C789-38AB-B631-47E6BEADC407}.MinSizeRel|ARM64.Build.0 = MinSizeRel|x64
		{84DF16EE-C789-38AB-B631-47E6BEADC407}.MinSizeRel|x64.ActiveCfg = MinSizeRel|x64
		{84DF16EE-C789-38AB-B631-47E6BEADC407}.MinSizeRel|x64.Build.0 = MinSizeRel|x64
		{84DF16EE-C789-38AB-B631-47E6BEADC407}.MinSizeRel|x86.ActiveCfg = MinSizeRel|x64
		{84DF16EE-C789-38AB-B631-47E6BEADC407}.MinSizeRel|x86.Build.0 = MinSizeRel|x64
		{84DF16EE-C789-38AB-B631-47E6BEADC407}.Release|ARM.ActiveCfg = Release|x64
		{84DF16EE-C789-38AB-B631-47E6BEADC407}.Release|ARM.Build.0 = Release|x64
		{84DF16EE-C789-38AB-B631-47E6BEADC407}.Release|ARM64.ActiveCfg = Release|x64
		{84DF16EE-C789-38AB-B631-47E6BEADC407}.Release|ARM64.Build.0 = Release|x64
		{84DF16EE-C789-38AB-B631-47E6BEADC407}.Release|x64.ActiveCfg = Release|x64
		{84DF16EE-C789-38AB-B631-47E6BEADC407}.Release|x64.Build.0 = Release|x64
		{84DF16EE-C789-38AB-B631-47E6BEADC407}.Release|x86.ActiveCfg = Release|x64
		{84DF16EE-C789-38AB-B631-47E6BEADC407}.Release|x86.Build.0 = Release|x64
		{84DF16EE-C789-38AB-B631-47E6BEADC407}.RelWithDebInfo|ARM.ActiveCfg = RelWithDebInfo|x64
		{84DF16EE-C789-38AB-B631-47E6BEADC407}.RelWithDebInfo|ARM.Build.0 = RelWithDebInfo|x64
		{84DF16EE-C789-38AB-B631-47E6BEADC407}.RelWithDebInfo|ARM64.ActiveCfg = RelWithDebInfo|x64
		{84DF16EE-C789-38AB-B631-47E6BEADC407}.RelWithDebInfo|ARM64.Build.0 = RelWithDebInfo|x64
		{84DF16EE-C789-38AB-B631-47E6BEADC407}.RelWithDebInfo|x64.ActiveCfg = RelWithDebInfo|x64
		{84DF16EE-C789-38AB-B631-47E6BEADC407}.RelWithDebInfo|x64.Build.0 = RelWithDebInfo|x64
		{84DF16EE-C789-38AB-B631-47E6BEADC407}.RelWithDebInfo|x86.ActiveCfg = RelWithDebInfo|x64
		{84DF16EE-C789-38AB-B631-47E6BEADC407}.RelWithDebInfo|x86.Build.0 = RelWithDebInfo|x64
		{7324B1F8-2A08-3F69-A00A-85B08E86ACBC}.Debug|ARM.ActiveCfg = Debug|x64
		{7324B1F8-2A08-3F69-A00A-85B08E86ACBC}.Debug|ARM.Build.0 = Debug|x64
		{7324B1F8-2A08-3F69-A00A-85B08E86ACBC}.Debug|ARM64.ActiveCfg = Debug|x64
		{7324B1F8-2A08-3F69-A00A-85B08E86ACBC}.Debug|ARM64.Build.0 = Debug|x64
		{7324B1F8-2A08-3F69-A00A-85B08E86ACBC}.Debug|x64.ActiveCfg = Debug|x64
		{7324B1F8-2A08-3F69-A00A-85B08E86ACBC}.Debug|x64.Build.0 = Debug|x64
		{7324B1F8-2A08-3F69-A00A-85B08E86ACBC}.Debug|x86.ActiveCfg = Debug|x64
		{7324B1F8-2A08-3F69-A00A-85B08E86ACBC}.Debug|x86.Build.0 = Debug|x64
		{7324B1F8-2A08-3F69-A00A-85B08E86ACBC}.MinSizeRel|ARM.ActiveCfg = MinSizeRel|x64
		{7324B1F8-2A08-3F69-A00A-85B08E86ACBC}.MinSizeRel|ARM.Build.0 = MinSizeRel|x64
		{7324B1F8-2A08-3F69-A00A-85B08E86ACBC}.MinSizeRel|ARM64.ActiveCfg = MinSizeRel|x64
		{7324B1F8-2A08-3F69-A00A-85B08E86ACBC}.MinSizeRel|ARM64.Build.0 = MinSizeRel|x64
		{7324B1F8-2A08-3F69-A00A-85B08E86ACBC}.MinSizeRel|x64.ActiveCfg = MinSizeRel|x64
		{7324B1F8-2A08-3F69-A00A-85B08E86ACBC}.MinSizeRel|x64.Build.0 = MinSizeRel|x64
		{7324B1F8-2A08-3F69-A00A-85B08E86ACBC}.MinSizeRel|x86.ActiveCfg = MinSizeRel|x64
		{7324B1F8-2A08-3F69-A00A-85B08E86ACBC}.MinSizeRel|x86.Build.0 = MinSizeRel|x64
		{7324B1F8-2A08-3F69-A00A-85B08E86ACBC}.Release|ARM.ActiveCfg = Release|x64
		{7324B1F8-2A08-3F69-A00A-85B08E86ACBC}.Release|ARM.Build.0 = Release|x64
		{7324B1F8-2A08-3F69-A00A-85B08E86ACBC}.Release|ARM64.ActiveCfg = Release|x64
		{7324B1F8-2A08-3F69-A00A-85B08E86ACBC}.Release|ARM64.Build.0 = Release|x64
		{7324B1F8-2A08-3F69-A00A-85B08E86ACBC}.Release|x64.ActiveCfg = Release|x64
		{7324B1F8-2A08-3F69-A00A-85B08E86ACBC}.Release|x64.Build.0 = Release|x64
		{7324B1F8-2A08-3F69-A00A-85B08E86ACBC}.Release|x86.ActiveCfg = Release|x64
		{7324B1F8-2A08-3F69-A00A-85B08E86ACBC}.Release|x86.Build.0 = Release|x64
		{7324B1F8-2A08-3F69-A00A-85B08E86ACBC}.RelWithDebInfo|ARM.ActiveCfg = RelWithDebInfo|x64
		{7324B1F8-2A08-3F69-A00A-85B08E86ACBC}.RelWithDebInfo|ARM.Build.0 = RelWithDebInfo|x64
		{7324B1F8-2A08-3F69-A00A-85B08E86ACBC}.RelWithDebInfo|ARM64.ActiveCfg = RelWithDebInfo|x64
		{7324B1F8-2A08-3F69-A00A-85B08E86ACBC}.RelWithDebInfo|ARM64.Build.0 = RelWithDebInfo|x64
		{7324B1F8-2A08-3F69-A00A-85B08E86ACBC}.RelWithDebInfo|x64.ActiveCfg = RelWithDebInfo|x64
		{7324B1F8-2A08-3F69-A00A-85B08E86ACBC}.RelWithDebInfo|x64.Build.0 = RelWithDebInfo|x64
		{7324B1F8-2A08-3F69-A00A-85B08E86ACBC}.RelWithDebInfo|x86.ActiveCfg = RelWithDebInfo|x64
		{7324B1F8-2A08-3F69-A00A-85B08E86ACBC}.RelWithDebInfo|x86.Build.0 = RelWithDebInfo|x64
		{9E219DF2-315D-478E-8A07-8960C377CE1E}.Debug|ARM.ActiveCfg = Debug|x64
		{9E219DF2-315D-478E-8A07-8960C377CE1E}.Debug|ARM.Build.0 = Debug|x64
		{9E219DF2-315D-478E-8A07-8960C377CE1E}.Debug|ARM64.ActiveCfg = Debug|x64
		{9E219DF2-315D-478E-8A07-8960C377CE1E}.Debug|ARM64.Build.0 = Debug|x64
		{9E219DF2-315D-478E-8A07-8960C377CE1E}.Debug|x64.ActiveCfg = Debug|x64
		{9E219DF2-315D-478E-8A07-8960C377CE1E}.Debug|x64.Build.0 = Debug|x64
		{9E219DF2-315D-478E-8A07-8960C377CE1E}.Debug|x86.ActiveCfg = Debug|Win32
		{9E219DF2-315D-478E-8A07-8960C377CE1E}.Debug|x86.Build.0 = Debug|Win32
		{9E219DF2-315D-478E-8A07-8960C377CE1E}.MinSizeRel|ARM.ActiveCfg = Debug|x64
		{9E219DF2-315D-478E-8A07-8960C377CE1E}.MinSizeRel|ARM.Build.0 = Debug|x64
		{9E219DF2-315D-478E-8A07-8960C377CE1E}.MinSizeRel|ARM64.ActiveCfg = Debug|x64
		{9E219DF2-315D-478E-8A07-8960C377CE1E}.MinSizeRel|ARM64.Build.0 = Debug|x64
		{9E219DF2-315D-478E-8A07-8960C377CE1E}.MinSizeRel|x64.ActiveCfg = Debug|x64
		{9E219DF2-315D-478E-8A07-8960C377CE1E}.MinSizeRel|x64.Build.0 = Debug|x64
		{9E219DF2-315D-478E-8A07-8960C377CE1E}.MinSizeRel|x86.ActiveCfg = Debug|Win32
		{9E219DF2-315D-478E-8A07-8960C377CE1E}.MinSizeRel|x86.Build.0 = Debug|Win32
		{9E219DF2-315D-478E-8A07-8960C377CE1E}.Release|ARM.ActiveCfg = Release|x64
		{9E219DF2-315D-478E-8A07-8960C377CE1E}.Release|ARM.Build.0 = Release|x64
		{9E219DF2-315D-478E-8A07-8960C377CE1E}.Release|ARM64.ActiveCfg = Release|x64
		{9E219DF2-315D-478E-8A07-8960C377CE1E}.Release|ARM64.Build.0 = Release|x64
		{9E219DF2-315D-478E-8A07-8960C377CE1E}.Release|x64.ActiveCfg = Release|x64
		{9E219DF2-315D-478E-8A07-8960C377CE1E}.Release|x64.Build.0 = Release|x64
		{9E219DF2-315D-478E-8A07-8960C377CE1E}.Release|x86.ActiveCfg = Release|Win32
		{9E219DF2-315D-478E-8A07-8960C377CE1E}.Release|x86.Build.0 = Release|Win32
		{9E219DF2-315D-478E-8A07-8960C377CE1E}.RelWithDebInfo|ARM.ActiveCfg = Release|x64
		{9E219DF2-315D-478E-8A07-8960C377CE1E}.RelWithDebInfo|ARM.Build.0 = Release|x64
		{9E219DF2-315D-478E-8A07-8960C377CE1E}.RelWithDebInfo|ARM64.ActiveCfg = Release|x64
		{9E219DF2-315D-478E-8A07-8960C377CE1E}.RelWithDebInfo|ARM64.Build.0 = Release|x64
		{9E219DF2-315D-478E-8A07-8960C377CE1E}.RelWithDebInfo|x64.ActiveCfg = Release|x64
		{9E219DF2-315D-478E-8A07-8960C377CE1E}.RelWithDebInfo|x64.Build.0 = Release|x64
		{9E219DF2-315D-478E-8A07-8960C377CE1E}.RelWithDebInfo|x86.ActiveCfg = Release|Win32
		{9E219DF2-315D-478E-8A07-8960C377CE1E}.RelWithDebInfo|x86.Build.0 = Release|Win32
		{5E1D4E5F-E10C-4BA3-B663-F33014FD21D9}.Debug|ARM.ActiveCfg = Debug|x64
		{5E1D4E5F-E10C-4BA3-B663-F33014FD21D9}.Debug|ARM.Build.0 = Debug|x64
		{5E1D4E5F-E10C-4BA3-B663-F33014FD21D9}.Debug|ARM64.ActiveCfg = Debug|x64
		{5E1D4E5F-E10C-4BA3-B663-F33014FD21D9}.Debug|ARM64.Build.0 = Debug|x64
		{5E1D4E5F-E10C-4BA3-B663-F33014FD21D9}.Debug|x64.ActiveCfg = Debug|x64
		{5E1D4E5F-E10C-4BA3-B663-F33014FD21D9}.Debug|x64.Build.0 = Debug|x64
		{5E1D4E5F-E10C-4BA3-B663-F33014FD21D9}.Debug|x86.ActiveCfg = Debug|Win32
		{5E1D4E5F-E10C-4BA3-B663-F33014FD21D9}.Debug|x86.Build.0 = Debug|Win32
		{5E1D4E5F-E10C-4BA3-B663-F33014FD21D9}.MinSizeRel|ARM.ActiveCfg = Debug|x64
		{5E1D4E5F-E10C-4BA3-B663-F33014FD21D9}.MinSizeRel|ARM.Build.0 = Debug|x64
		{5E1D4E5F-E10C-4BA3-B663-F33014FD21D9}.MinSizeRel|ARM64.ActiveCfg = Debug|x64
		{5E1D4E5F-E10C-4BA3-B663-F33014FD21D9}.MinSizeRel|ARM64.Build.0 = Debug|x64
		{5E1D4E5F-E10C-4BA3-B663-F33014FD21D9}.MinSizeRel|x64.ActiveCfg = Debug|x64
		{5E1D4E5F-E10C-4BA3-B663-F33014FD21D9}.MinSizeRel|x64.Build.0 = Debug|x64
		{5E1D4E5F-E10C-4BA3-B663-F33014FD21D9}.MinSizeRel|x86.ActiveCfg = Debug|Win32
		{5E1D4E5F-E10C-4BA3-B663-F33014FD21D9}.MinSizeRel|x86.Build.0 = Debug|Win32
		{5E1D4E5F-E10C-4BA3-B663-F33014FD21D9}.Release|ARM.ActiveCfg = Release|x64
		{5E1D4E5F-E10C-4BA3-B663-F33014FD21D9}.Release|ARM.Build.0 = Release|x64
		{5E1D4E5F-E10C-4BA3-B663-F33014FD21D9}.Release|ARM64.ActiveCfg = Release|x64
		{5E1D4E5F-E10C-4BA3-B663-F33014FD21D9}.Release|ARM64.Build.0 = Release|x64
		{5E1D4E5F-E10C-4BA3-B663-F33014FD21D9}.Release|x64.ActiveCfg = Release|x64
		{5E1D4E5F-E10C-4BA3-B663-F33014FD21D9}.Release|x64.Build.0 = Release|x64
		{5E1D4E5F-E10C-4BA3-B663-F33014FD21D9}.Release|x86.ActiveCfg = Release|Win32
		{5E1D4E5F-E10C-4BA3-B663-F33014FD21D9}.Release|x86.Build.0 = Release|Win32
		{5E1D4E5F-E10C-4BA3-B663-F33014FD21D9}.RelWithDebInfo|ARM.ActiveCfg = Release|x64
		{5E1D4E5F-E10C-4BA3-B663-F33014FD21D9}.RelWithDebInfo|ARM.Build.0 = Release|x64
		{5E1D4E5F-E10C-4BA3-B663-F33014FD21D9}.RelWithDebInfo|ARM64.ActiveCfg = Release|x64
		{5E1D4E5F-E10C-4BA3-B663-F33014FD21D9}.RelWithDebInfo|ARM64.Build.0 = Release|x64
		{5E1D4E5F-E10C-4BA3-B663-F33014FD21D9}.RelWithDebInfo|x64.ActiveCfg = Release|x64
		{5E1D4E5F-E10C-4BA3-B663-F33014FD21D9}.RelWithDebInfo|x64.Build.0 = Release|x64
		{5E1D4E5F-E10C-4BA3-B663-F33014FD21D9}.RelWithDebInfo|x86.ActiveCfg = Release|Win32
		{5E1D4E5F-E10C-4BA3-B663-F33014FD21D9}.RelWithDebInfo|x86.Build.0 = Release|Win32
		{244455E0-5F25-4451-9540-F317883E52A8}.Debug|ARM.ActiveCfg = Debug|x64
		{244455E0-5F25-4451-9540-F317883E52A8}.Debug|ARM.Build.0 = Debug|x64
		{244455E0-5F25-4451-9540-F317883E52A8}.Debug|ARM64.ActiveCfg = Debug|x64
		{244455E0-5F25-4451-9540-F317883E52A8}.Debug|ARM64.Build.0 = Debug|x64
		{244455E0-5F25-4451-9540-F317883E52A8}.Debug|x64.ActiveCfg = Debug|x64
		{244455E0-5F25-4451-9540-F317883E52A8}.Debug|x64.Build.0 = Debug|x64
		{244455E0-5F25-4451-9540-F317883E52A8}.Debug|x86.ActiveCfg = Debug|Win32
		{244455E0-5F25-4451-9540-F317883E52A8}.Debug|x86.Build.0 = Debug|Win32
		{244455E0-5F25-4451-9540-F317883E52A8}.MinSizeRel|ARM.ActiveCfg = Debug|x64
		{244455E0-5F25-4451-9540-F317883E52A8}.MinSizeRel|ARM.Build.0 = Debug|x64
		{244455E0-5F25-4451-9540-F317883E52A8}.MinSizeRel|ARM64.ActiveCfg = Debug|x64
		{244455E0-5F25-4451-9540-F317883E52A8}.MinSizeRel|ARM64.Build.0 = Debug|x64
		{244455E0-5F25-4451-9540-F317883E52A8}.MinSizeRel|x64.ActiveCfg = Debug|x64
		{244455E0-5F25-4451-9540-F317883E52A8}.MinSizeRel|x64.Build.0 = Debug|x64
		{244455E0-5F25-4451-9540-F317883E52A8}.MinSizeRel|x86.ActiveCfg = Debug|Win32
		{244455E0-5F25-4451-9540-F317883E52A8}.MinSizeRel|x86.Build.0 = Debug|Win32
		{244455E0-5F25-4451-9540-F317883E52A8}.Release|ARM.ActiveCfg = Release|x64
		{244455E0-5F25-4451-9540-F317883E52A8}.Release|ARM.Build.0 = Release|x64
		{244455E0-5F25-4451-9540-F317883E52A8}.Release|ARM64.ActiveCfg = Release|x64
		{244455E0-5F25-4451-9540-F317883E52A8}.Release|ARM64.Build.0 = Release|x64
		{244455E0-5F25-4451-9540-F317883E52A8}.Release|x64.ActiveCfg = Release|x64
		{244455E0-5F25-4451-9540-F317883E52A8}.Release|x64.Build.0 = Release|x64
		{244455E0-5F25-4451-9540-F317883E52A8}.Release|x86.ActiveCfg = Release|Win32
		{244455E0-5F25-4451-9540-F317883E52A8}.Release|x86.Build.0 = Release|Win32
		{244455E0-5F25-4451-9540-F317883E52A8}.RelWithDebInfo|ARM.ActiveCfg = Release|x64
		{244455E0-5F25-4451-9540-F317883E52A8}.RelWithDebInfo|ARM.Build.0 = Release|x64
		{244455E0-5F25-4451-9540-F317883E52A8}.RelWithDebInfo|ARM64.ActiveCfg = Release|x64
		{244455E0-5F25-4451-9540-F317883E52A8}.RelWithDebInfo|ARM64.Build.0 = Release|x64
		{244455E0-5F25-4451-9540-F317883E52A8}.RelWithDebInfo|x64.ActiveCfg = Release|x64
		{244455E0-5F25-4451-9540-F317883E52A8}.RelWithDebInfo|x64.Build.0 = Release|x64
		{244455E0-5F25-4451-9540-F317883E52A8}.RelWithDebInfo|x86.ActiveCfg = Release|Win32
		{244455E0-5F25-4451-9540-F317883E52A8}.RelWithDebInfo|x86.Build.0 = Release|Win32
		{E3536C28-A7F1-4B53-8E52-7D2232F9E098}.Debug|ARM.ActiveCfg = Debug|x64
		{E3536C28-A7F1-4B53-8E52-7D2232F9E098}.Debug|ARM.Build.0 = Debug|x64
		{E3536C28-A7F1-4B53-8E52-7D2232F9E098}.Debug|ARM64.ActiveCfg = Debug|x64
		{E3536C28-A7F1-4B53-8E52-7D2232F9E098}.Debug|ARM64.Build.0 = Debug|x64
		{E3536C28-A7F1-4B53-8E52-7D2232F9E098}.Debug|x64.ActiveCfg = Debug|x64
		{E3536C28-A7F1-4B53-8E52-7D2232F9E098}.Debug|x64.Build.0 = Debug|x64
		{E3536C28-A7F1-4B53-8E52-7D2232F9E098}.Debug|x86.ActiveCfg = Debug|Win32
		{E3536C28-A7F1-4B53-8E52-7D2232F9E098}.Debug|x86.Build.0 = Debug|Win32
		{E3536C28-A7F1-4B53-8E52-7D2232F9E098}.MinSizeRel|ARM.ActiveCfg = Debug|x64
		{E3536C28-A7F1-4B53-8E52-7D2232F9E098}.MinSizeRel|ARM.Build.0 = Debug|x64
		{E3536C28-A7F1-4B53-8E52-7D2232F9E098}.MinSizeRel|ARM64.ActiveCfg = Debug|x64
		{E3536C28-A7F1-4B53-8E52-7D2232F9E098}.MinSizeRel|ARM64.Build.0 = Debug|x64
		{E3536C28-A7F1-4B53-8E52-7D2232F9E098}.MinSizeRel|x64.ActiveCfg = Debug|x64
		{E3536C28-A7F1-4B53-8E52-7D2232F9E098}.MinSizeRel|x64.Build.0 = Debug|x64
		{E3536C28-A7F1-4B53-8E52-7D2232F9E098}.MinSizeRel|x86.ActiveCfg = Debug|Win32
		{E3536C28-A7F1-4B53-8E52-7D2232F9E098}.MinSizeRel|x86.Build.0 = Debug|Win32
		{E3536C28-A7F1-4B53-8E52-7D2232F9E098}.Release|ARM.ActiveCfg = Release|x64
		{E3536C28-A7F1-4B53-8E52-7D2232F9E098}.Release|ARM.Build.0 = Release|x64
		{E3536C28-A7F1-4B53-8E52-7D2232F9E098}.Release|ARM64.ActiveCfg = Release|x64
		{E3536C28-A7F1-4B53-8E52-7D2232F9E098}.Release|ARM64.Build.0 = Release|x64
		{E3536C28-A7F1-4B53-8E52-7D2232F9E098}.Release|x64.ActiveCfg = Release|x64
		{E3536C28-A7F1-4B53-8E52-7D2232F9E098}.Release|x64.Build.0 = Release|x64
		{E3536C28-A7F1-4B53-8E52-7D2232F9E098}.Release|x86.ActiveCfg = Release|Win32
		{E3536C28-A7F1-4B53-8E52-7D2232F9E098}.Release|x86.Build.0 = Release|Win32
		{E3536C28-A7F1-4B53-8E52-7D2232F9E098}.RelWithDebInfo|ARM.ActiveCfg = Release|x64
		{E3536C28-A7F1-4B53-8E52-7D2232F9E098}.RelWithDebInfo|ARM.Build.0 = Release|x64
		{E3536C28-A7F1-4B53-8E52-7D2232F9E098}.RelWithDebInfo|ARM64.ActiveCfg = Release|x64
		{E3536C28-A7F1-4B53-8E52-7D2232F9E098}.RelWithDebInfo|ARM64.Build.0 = Release|x64
		{E3536C28-A7F1-4B53-8E52-7D2232F9E098}.RelWithDebInfo|x64.ActiveCfg = Release|x64
		{E3536C28-A7F1-4B53-8E52-7D2232F9E098}.RelWithDebInfo|x64.Build.0 = Release|x64
		{E3536C28-A7F1-4B53-8E52-7D2232F9E098}.RelWithDebInfo|x86.ActiveCfg = Release|Win32
		{E3536C28-A7F1-4B53-8E52-7D2232F9E098}.RelWithDebInfo|x86.Build.0 = Release|Win32
		{7DB10B50-CE00-4D7A-B322-6824F05D2FCB}.Debug|ARM.ActiveCfg = Debug|x64
		{7DB10B50-CE00-4D7A-B322-6824F05D2FCB}.Debug|ARM.Build.0 = Debug|x64
		{7DB10B50-CE00-4D7A-B322-6824F05D2FCB}.Debug|ARM64.ActiveCfg = Debug|x64
		{7DB10B50-CE00-4D7A-B322-6824F05D2FCB}.Debug|ARM64.Build.0 = Debug|x64
		{7DB10B50-CE00-4D7A-B322-6824F05D2FCB}.Debug|x64.ActiveCfg = Debug|x64
		{7DB10B50-CE00-4D7A-B322-6824F05D2FCB}.Debug|x64.Build.0 = Debug|x64
		{7DB10B50-CE00-4D7A-B322-6824F05D2FCB}.Debug|x86.ActiveCfg = Debug|Win32
		{7DB10B50-CE00-4D7A-B322-6824F05D2FCB}.Debug|x86.Build.0 = Debug|Win32
		{7DB10B50-CE00-4D7A-B322-6824F05D2FCB}.MinSizeRel|ARM.ActiveCfg = Debug|x64
		{7DB10B50-CE00-4D7A-B322-6824F05D2FCB}.MinSizeRel|ARM.Build.0 = Debug|x64
		{7DB10B50-CE00-4D7A-B322-6824F05D2FCB}.MinSizeRel|ARM64.ActiveCfg = Debug|x64
		{7DB10B50-CE00-4D7A-B322-6824F05D2FCB}.MinSizeRel|ARM64.Build.0 = Debug|x64
		{7DB10B50-CE00-4D7A-B322-6824F05D2FCB}.MinSizeRel|x64.ActiveCfg = Debug|x64
		{7DB10B50-CE00-4D7A-B322-6824F05D2FCB}.MinSizeRel|x64.Build.0 = Debug|x64
		{7DB10B50-CE00-4D7A-B322-6824F05D2FCB}.MinSizeRel|x86.ActiveCfg = Debug|Win32
		{7DB10B50-CE00-4D7A-B322-6824F05D2FCB}.MinSizeRel|x86.Build.0 = Debug|Win32
		{7DB10B50-CE00-4D7A-B322-6824F05D2FCB}.Release|ARM.ActiveCfg = Release|x64
		{7DB10B50-CE00-4D7A-B322-6824F05D2FCB}.Release|ARM.Build.0 = Release|x64
		{7DB10B50-CE00-4D7A-B322-6824F05D2FCB}.Release|ARM64.ActiveCfg = Release|x64
		{7DB10B50-CE00-4D7A-B322-6824F05D2FCB}.Release|ARM64.Build.0 = Release|x64
		{7DB10B50-CE00-4D7A-B322-6824F05D2FCB}.Release|x64.ActiveCfg = Release|x64
		{7DB10B50-CE00-4D7A-B322-6824F05D2FCB}.Release|x64.Build.0 = Release|x64
		{7DB10B50-CE00-4D7A-B322-6824F05D2FCB}.Release|x86.ActiveCfg = Release|Win32
		{7DB10B50-CE00-4D7A-B322-6824F05D2FCB}.Release|x86.Build.0 = Release|Win32
		{7DB10B50-CE00-4D7A-B322-6824F05D2FCB}.RelWithDebInfo|ARM.ActiveCfg = Release|x64
		{7DB10B50-CE00-4D7A-B322-6824F05D2FCB}.RelWithDebInfo|ARM.Build.0 = Release|x64
		{7DB10B50-CE00-4D7A-B322-6824F05D2FCB}.RelWithDebInfo|ARM64.ActiveCfg = Release|x64
		{7DB10B50-CE00-4D7A-B322-6824F05D2FCB}.RelWithDebInfo|ARM64.Build.0 = Release|x64
		{7DB10B50-CE00-4D7A-B322-6824F05D2FCB}.RelWithDebInfo|x64.ActiveCfg = Release|x64
		{7DB10B50-CE00-4D7A-B322-6824F05D2FCB}.RelWithDebInfo|x64.Build.0 = Release|x64
		{7DB10B50-CE00-4D7A-B322-6824F05D2FCB}.RelWithDebInfo|x86.ActiveCfg = Release|Win32
		{7DB10B50-CE00-4D7A-B322-6824F05D2FCB}.RelWithDebInfo|x86.Build.0 = Release|Win32
		{07F662C1-1323-42AB-B6AF-FBFD34A7437A}.Debug|ARM.ActiveCfg = Debug|x64
		{07F662C1-1323-42AB-B6AF-FBFD34A7437A}.Debug|ARM.Build.0 = Debug|x64
		{07F662C1-1323-42AB-B6AF-FBFD34A7437A}.Debug|ARM64.ActiveCfg = Debug|x64
		{07F662C1-1323-42AB-B6AF-FBFD34A7437A}.Debug|ARM64.Build.0 = Debug|x64
		{07F662C1-1323-42AB-B6AF-FBFD34A7437A}.Debug|x64.ActiveCfg = Debug|x64
		{07F662C1-1323-42AB-B6AF-FBFD34A7437A}.Debug|x64.Build.0 = Debug|x64
		{07F662C1-1323-42AB-B6AF-FBFD34A7437A}.Debug|x86.ActiveCfg = Debug|Win32
		{07F662C1-1323-42AB-B6AF-FBFD34A7437A}.Debug|x86.Build.0 = Debug|Win32
		{07F662C1-1323-42AB-B6AF-FBFD34A7437A}.MinSizeRel|ARM.ActiveCfg = Debug|x64
		{07F662C1-1323-42AB-B6AF-FBFD34A7437A}.MinSizeRel|ARM.Build.0 = Debug|x64
		{07F662C1-1323-42AB-B6AF-FBFD34A7437A}.MinSizeRel|ARM64.ActiveCfg = Debug|x64
		{07F662C1-1323-42AB-B6AF-FBFD34A7437A}.MinSizeRel|ARM64.Build.0 = Debug|x64
		{07F662C1-1323-42AB-B6AF-FBFD34A7437A}.MinSizeRel|x64.ActiveCfg = Debug|x64
		{07F662C1-1323-42AB-B6AF-FBFD34A7437A}.MinSizeRel|x64.Build.0 = Debug|x64
		{07F662C1-1323-42AB-B6AF-FBFD34A7437A}.MinSizeRel|x86.ActiveCfg = Debug|Win32
		{07F662C1-1323-42AB-B6AF-FBFD34A7437A}.MinSizeRel|x86.Build.0 = Debug|Win32
		{07F662C1-1323-42AB-B6AF-FBFD34A7437A}.Release|ARM.ActiveCfg = Release|x64
		{07F662C1-1323-42AB-B6AF-FBFD34A7437A}.Release|ARM.Build.0 = Release|x64
		{07F662C1-1323-42AB-B6AF-FBFD34A7437A}.Release|ARM64.ActiveCfg = Release|x64
		{07F662C1-1323-42AB-B6AF-FBFD34A7437A}.Release|ARM64.Build.0 = Release|x64
		{07F662C1-1323-42AB-B6AF-FBFD34A7437A}.Release|x64.ActiveCfg = Release|x64
		{07F662C1-1323-42AB-B6AF-FBFD34A7437A}.Release|x64.Build.0 = Release|x64
		{07F662C1-1323-42AB-B6AF-FBFD34A7437A}.Release|x86.ActiveCfg = Release|Win32
		{07F662C1-1323-42AB-B6AF-FBFD34A7437A}.Release|x86.Build.0 = Release|Win32
		{07F662C1-1323-42AB-B6AF-FBFD34A7437A}.RelWithDebInfo|ARM.ActiveCfg = Release|x64
		{07F662C1-1323-42AB-B6AF-FBFD34A7437A}.RelWithDebInfo|ARM.Build.0 = Release|x64
		{07F662C1-1323-42AB-B6AF-FBFD34A7437A}.RelWithDebInfo|ARM64.ActiveCfg = Release|x64
		{07F662C1-1323-42AB-B6AF-FBFD34A7437A}.RelWithDebInfo|ARM64.Build.0 = Release|x64
		{07F662C1-1323-42AB-B6AF-FBFD34A7437A}.RelWithDebInfo|x64.ActiveCfg = Release|x64
		{07F662C1-1323-42AB-B6AF-FBFD34A7437A}.RelWithDebInfo|x64.Build.0 = Release|x64
		{07F662C1-1323-42AB-B6AF-FBFD34A7437A}.RelWithDebInfo|x86.ActiveCfg = Release|Win32
		{07F662C1-1323-42AB-B6AF-FBFD34A7437A}.RelWithDebInfo|x86.Build.0 = Release|Win32
		{EC085CBD-E9C3-477F-9A97-CB9D5DA30E27}.Debug|ARM.ActiveCfg = Debug|x64
		{EC085CBD-E9C3-477F-9A97-CB9D5DA30E27}.Debug|ARM.Build.0 = Debug|x64
		{EC085CBD-E9C3-477F-9A97-CB9D5DA30E27}.Debug|ARM64.ActiveCfg = Debug|x64
		{EC085CBD-E9C3-477F-9A97-CB9D5DA30E27}.Debug|ARM64.Build.0 = Debug|x64
		{EC085CBD-E9C3-477F-9A97-CB9D5DA30E27}.Debug|x64.ActiveCfg = Debug|x64
		{EC085CBD-E9C3-477F-9A97-CB9D5DA30E27}.Debug|x64.Build.0 = Debug|x64
		{EC085CBD-E9C3-477F-9A97-CB9D5DA30E27}.Debug|x86.ActiveCfg = Debug|Win32
		{EC085CBD-E9C3-477F-9A97-CB9D5DA30E27}.Debug|x86.Build.0 = Debug|Win32
		{EC085CBD-E9C3-477F-9A97-CB9D5DA30E27}.MinSizeRel|ARM.ActiveCfg = Debug|x64
		{EC085CBD-E9C3-477F-9A97-CB9D5DA30E27}.MinSizeRel|ARM.Build.0 = Debug|x64
		{EC085CBD-E9C3-477F-9A97-CB9D5DA30E27}.MinSizeRel|ARM64.ActiveCfg = Debug|x64
		{EC085CBD-E9C3-477F-9A97-CB9D5DA30E27}.MinSizeRel|ARM64.Build.0 = Debug|x64
		{EC085CBD-E9C3-477F-9A97-CB9D5DA30E27}.MinSizeRel|x64.ActiveCfg = Debug|x64
		{EC085CBD-E9C3-477F-9A97-CB9D5DA30E27}.MinSizeRel|x64.Build.0 = Debug|x64
		{EC085CBD-E9C3-477F-9A97-CB9D5DA30E27}.MinSizeRel|x86.ActiveCfg = Debug|Win32
		{EC085CBD-E9C3-477F-9A97-CB9D5DA30E27}.MinSizeRel|x86.Build.0 = Debug|Win32
		{EC085CBD-E9C3-477F-9A97-CB9D5DA30E27}.Release|ARM.ActiveCfg = Release|x64
		{EC085CBD-E9C3-477F-9A97-CB9D5DA30E27}.Release|ARM.Build.0 = Release|x64
		{EC085CBD-E9C3-477F-9A97-CB9D5DA30E27}.Release|ARM64.ActiveCfg = Release|x64
		{EC085CBD-E9C3-477F-9A97-CB9D5DA30E27}.Release|ARM64.Build.0 = Release|x64
		{EC085CBD-E9C3-477F-9A97-CB9D5DA30E27}.Release|x64.ActiveCfg = Release|x64
		{EC085CBD-E9C3-477F-9A97-CB9D5DA30E27}.Release|x64.Build.0 = Release|x64
		{EC085CBD-E9C3-477F-9A97-CB9D5DA30E27}.Release|x86.ActiveCfg = Release|Win32
		{EC085CBD-E9C3-477F-9A97-CB9D5DA30E27}.Release|x86.Build.0 = Release|Win32
		{EC085CBD-E9C3-477F-9A97-CB9D5DA30E27}.RelWithDebInfo|ARM.ActiveCfg = Release|x64
		{EC085CBD-E9C3-477F-9A97-CB9D5DA30E27}.RelWithDebInfo|ARM.Build.0 = Release|x64
		{EC085CBD-E9C3-477F-9A97-CB9D5DA30E27}.RelWithDebInfo|ARM64.ActiveCfg = Release|x64
		{EC085CBD-E9C3-477F-9A97-CB9D5DA30E27}.RelWithDebInfo|ARM64.Build.0 = Release|x64
		{EC085CBD-E9C3-477F-9A97-CB9D5DA30E27}.RelWithDebInfo|x64.ActiveCfg = Release|x64
		{EC085CBD-E9C3-477F-9A97-CB9D5DA30E27}.RelWithDebInfo|x64.Build.0 = Release|x64
		{EC085CBD-E9C3-477F-9A97-CB9D5DA30E27}.RelWithDebInfo|x86.ActiveCfg = Release|Win32
		{EC085CBD-E9C3-477F-9A97-CB9D5DA30E27}.RelWithDebInfo|x86.Build.0 = Release|Win32
		{097D9F6C-FD0E-4CBC-9676-009012AAECA8}.Debug|ARM.ActiveCfg = Debug|x64
		{097D9F6C-FD0E-4CBC-9676-009012AAECA8}.Debug|ARM.Build.0 = Debug|x64
		{097D9F6C-FD0E-4CBC-9676-009012AAECA8}.Debug|ARM64.ActiveCfg = Debug|x64
		{097D9F6C-FD0E-4CBC-9676-009012AAECA8}.Debug|ARM64.Build.0 = Debug|x64
		{097D9F6C-FD0E-4CBC-9676-009012AAECA8}.Debug|x64.ActiveCfg = Debug|x64
		{097D9F6C-FD0E-4CBC-9676-009012AAECA8}.Debug|x64.Build.0 = Debug|x64
		{097D9F6C-FD0E-4CBC-9676-009012AAECA8}.Debug|x86.ActiveCfg = Debug|Win32
		{097D9F6C-FD0E-4CBC-9676-009012AAECA8}.Debug|x86.Build.0 = Debug|Win32
		{097D9F6C-FD0E-4CBC-9676-009012AAECA8}.MinSizeRel|ARM.ActiveCfg = Debug|x64
		{097D9F6C-FD0E-4CBC-9676-009012AAECA8}.MinSizeRel|ARM.Build.0 = Debug|x64
		{097D9F6C-FD0E-4CBC-9676-009012AAECA8}.MinSizeRel|ARM64.ActiveCfg = Debug|x64
		{097D9F6C-FD0E-4CBC-9676-009012AAECA8}.MinSizeRel|ARM64.Build.0 = Debug|x64
		{097D9F6C-FD0E-4CBC-9676-009012AAECA8}.MinSizeRel|x64.ActiveCfg = Debug|x64
		{097D9F6C-FD0E-4CBC-9676-009012AAECA8}.MinSizeRel|x64.Build.0 = Debug|x64
		{097D9F6C-FD0E-4CBC-9676-009012AAECA8}.MinSizeRel|x86.ActiveCfg = Debug|Win32
		{097D9F6C-FD0E-4CBC-9676-009012AAECA8}.MinSizeRel|x86.Build.0 = Debug|Win32
		{097D9F6C-FD0E-4CBC-9676-009012AAECA8}.Release|ARM.ActiveCfg = Release|x64
		{097D9F6C-FD0E-4CBC-9676-009012AAECA8}.Release|ARM.Build.0 = Release|x64
		{097D9F6C-FD0E-4CBC-9676-009012AAECA8}.Release|ARM64.ActiveCfg = Release|x64
		{097D9F6C-FD0E-4CBC-9676-009012AAECA8}.Release|ARM64.Build.0 = Release|x64
		{097D9F6C-FD0E-4CBC-9676-009012AAECA8}.Release|x64.ActiveCfg = Release|x64
		{097D9F6C-FD0E-4CBC-9676-009012AAECA8}.Release|x64.Build.0 = Release|x64
		{097D9F6C-FD0E-4CBC-9676-009012AAECA8}.Release|x86.ActiveCfg = Release|Win32
		{097D9F6C-FD0E-4CBC-9676-009012AAECA8}.Release|x86.Build.0 = Release|Win32
		{097D9F6C-FD0E-4CBC-9676-009012AAECA8}.RelWithDebInfo|ARM.ActiveCfg = Release|x64
		{097D9F6C-FD0E-4CBC-9676-009012AAECA8}.RelWithDebInfo|ARM.Build.0 = Release|x64
		{097D9F6C-FD0E-4CBC-9676-009012AAECA8}.RelWithDebInfo|ARM64.ActiveCfg = Release|x64
		{097D9F6C-FD0E-4CBC-9676-009012AAECA8}.RelWithDebInfo|ARM64.Build.0 = Release|x64
		{097D9F6C-FD0E-4CBC-9676-009012AAECA8}.RelWithDebInfo|x64.ActiveCfg = Release|x64
		{097D9F6C-FD0E-4CBC-9676-009012AAECA8}.RelWithDebInfo|x64.Build.0 = Release|x64
		{097D9F6C-FD0E-4CBC-9676-009012AAECA8}.RelWithDebInfo|x86.ActiveCfg = Release|Win32
		{097D9F6C-FD0E-4CBC-9676-009012AAECA8}.RelWithDebInfo|x86.Build.0 = Release|Win32
		{17A4874B-0606-4687-90B6-F91F8CB3B8AF}.Debug|ARM.ActiveCfg = Debug|x64
		{17A4874B-0606-4687-90B6-F91F8CB3B8AF}.Debug|ARM.Build.0 = Debug|x64
		{17A4874B-0606-4687-90B6-F91F8CB3B8AF}.Debug|ARM64.ActiveCfg = Debug|x64
		{17A4874B-0606-4687-90B6-F91F8CB3B8AF}.Debug|ARM64.Build.0 = Debug|x64
		{17A4874B-0606-4687-90B6-F91F8CB3B8AF}.Debug|x64.ActiveCfg = Debug|x64
		{17A4874B-0606-4687-90B6-F91F8CB3B8AF}.Debug|x64.Build.0 = Debug|x64
		{17A4874B-0606-4687-90B6-F91F8CB3B8AF}.Debug|x86.ActiveCfg = Debug|Win32
		{17A4874B-0606-4687-90B6-F91F8CB3B8AF}.Debug|x86.Build.0 = Debug|Win32
		{17A4874B-0606-4687-90B6-F91F8CB3B8AF}.MinSizeRel|ARM.ActiveCfg = Debug|x64
		{17A4874B-0606-4687-90B6-F91F8CB3B8AF}.MinSizeRel|ARM.Build.0 = Debug|x64
		{17A4874B-0606-4687-90B6-F91F8CB3B8AF}.MinSizeRel|ARM64.ActiveCfg = Debug|x64
		{17A4874B-0606-4687-90B6-F91F8CB3B8AF}.MinSizeRel|ARM64.Build.0 = Debug|x64
		{17A4874B-0606-4687-90B6-F91F8CB3B8AF}.MinSizeRel|x64.ActiveCfg = Debug|x64
		{17A4874B-0606-4687-90B6-F91F8CB3B8AF}.MinSizeRel|x64.Build.0 = Debug|x64
		{17A4874B-0606-4687-90B6-F91F8CB3B8AF}.MinSizeRel|x86.ActiveCfg = Debug|Win32
		{17A4874B-0606-4687-90B6-F91F8CB3B8AF}.MinSizeRel|x86.Build.0 = Debug|Win32
		{17A4874B-0606-4687-90B6-F91F8CB3B8AF}.Release|ARM.ActiveCfg = Release|x64
		{17A4874B-0606-4687-90B6-F91F8CB3B8AF}.Release|ARM.Build.0 = Release|x64
		{17A4874B-0606-4687-90B6-F91F8CB3B8AF}.Release|ARM64.ActiveCfg = Release|x64
		{17A4874B-0606-4687-90B6-F91F8CB3B8AF}.Release|ARM64.Build.0 = Release|x64
		{17A4874B-0606-4687-90B6-F91F8CB3B8AF}.Release|x64.ActiveCfg = Release|x64
		{17A4874B-0606-4687-90B6-F91F8CB3B8AF}.Release|x64.Build.0 = Release|x64
		{17A4874B-0606-4687-90B6-F91F8CB3B8AF}.Release|x86.ActiveCfg = Release|Win32
		{17A4874B-0606-4687-90B6-F91F8CB3B8AF}.Release|x86.Build.0 = Release|Win32
		{17A4874B-0606-4687-90B6-F91F8CB3B8AF}.RelWithDebInfo|ARM.ActiveCfg = Release|x64
		{17A4874B-0606-4687-90B6-F91F8CB3B8AF}.RelWithDebInfo|ARM.Build.0 = Release|x64
		{17A4874B-0606-4687-90B6-F91F8CB3B8AF}.RelWithDebInfo|ARM64.ActiveCfg = Release|x64
		{17A4874B-0606-4687-90B6-F91F8CB3B8AF}.RelWithDebInfo|ARM64.Build.0 = Release|x64
		{17A4874B-0606-4687-90B6-F91F8CB3B8AF}.RelWithDebInfo|x64.ActiveCfg = Release|x64
		{17A4874B-0606-4687-90B6-F91F8CB3B8AF}.RelWithDebInfo|x64.Build.0 = Release|x64
		{17A4874B-0606-4687-90B6-F91F8CB3B8AF}.RelWithDebInfo|x86.ActiveCfg = Release|Win32
		{17A4874B-0606-4687-90B6-F91F8CB3B8AF}.RelWithDebInfo|x86.Build.0 = Release|Win32
		{33134F61-C1AD-4B6F-9CEA-503A9F140C52}.Debug|ARM.ActiveCfg = Debug|x64
		{33134F61-C1AD-4B6F-9CEA-503A9F140C52}.Debug|ARM.Build.0 = Debug|x64
		{33134F61-C1AD-4B6F-9CEA-503A9F140C52}.Debug|ARM64.ActiveCfg = Debug|x64
		{33134F61-C1AD-4B6F-9CEA-503A9F140C52}.Debug|ARM64.Build.0 = Debug|x64
		{33134F61-C1AD-4B6F-9CEA-503A9F140C52}.Debug|x64.ActiveCfg = Debug|x64
		{33134F61-C1AD-4B6F-9CEA-503A9F140C52}.Debug|x64.Build.0 = Debug|x64
		{33134F61-C1AD-4B6F-9CEA-503A9F140C52}.Debug|x86.ActiveCfg = Debug|Win32
		{33134F61-C1AD-4B6F-9CEA-503A9F140C52}.Debug|x86.Build.0 = Debug|Win32
		{33134F61-C1AD-4B6F-9CEA-503A9F140C52}.MinSizeRel|ARM.ActiveCfg = Debug|x64
		{33134F61-C1AD-4B6F-9CEA-503A9F140C52}.MinSizeRel|ARM.Build.0 = Debug|x64
		{33134F61-C1AD-4B6F-9CEA-503A9F140C52}.MinSizeRel|ARM64.ActiveCfg = Debug|x64
		{33134F61-C1AD-4B6F-9CEA-503A9F140C52}.MinSizeRel|ARM64.Build.0 = Debug|x64
		{33134F61-C1AD-4B6F-9CEA-503A9F140C52}.MinSizeRel|x64.ActiveCfg = Debug|x64
		{33134F61-C1AD-4B6F-9CEA-503A9F140C52}.MinSizeRel|x64.Build.0 = Debug|x64
		{33134F61-C1AD-4B6F-9CEA-503A9F140C52}.MinSizeRel|x86.ActiveCfg = Debug|Win32
		{33134F61-C1AD-4B6F-9CEA-503A9F140C52}.MinSizeRel|x86.Build.0 = Debug|Win32
		{33134F61-C1AD-4B6F-9CEA-503A9F140C52}.Release|ARM.ActiveCfg = Release|x64
		{33134F61-C1AD-4B6F-9CEA-503A9F140C52}.Release|ARM.Build.0 = Release|x64
		{33134F61-C1AD-4B6F-9CEA-503A9F140C52}.Release|ARM64.ActiveCfg = Release|x64
		{33134F61-C1AD-4B6F-9CEA-503A9F140C52}.Release|ARM64.Build.0 = Release|x64
		{33134F61-C1AD-4B6F-9CEA-503A9F140C52}.Release|x64.ActiveCfg = Release|x64
		{33134F61-C1AD-4B6F-9CEA-503A9F140C52}.Release|x64.Build.0 = Release|x64
		{33134F61-C1AD-4B6F-9CEA-503A9F140C52}.Release|x86.ActiveCfg = Release|Win32
		{33134F61-C1AD-4B6F-9CEA-503A9F140C52}.Release|x86.Build.0 = Release|Win32
		{33134F61-C1AD-4B6F-9CEA-503A9F140C52}.RelWithDebInfo|ARM.ActiveCfg = Release|x64
		{33134F61-C1AD-4B6F-9CEA-503A9F140C52}.RelWithDebInfo|ARM.Build.0 = Release|x64
		{33134F61-C1AD-4B6F-9CEA-503A9F140C52}.RelWithDebInfo|ARM64.ActiveCfg = Release|x64
		{33134F61-C1AD-4B6F-9CEA-503A9F140C52}.RelWithDebInfo|ARM64.Build.0 = Release|x64
		{33134F61-C1AD-4B6F-9CEA-503A9F140C52}.RelWithDebInfo|x64.ActiveCfg = Release|x64
		{33134F61-C1AD-4B6F-9CEA-503A9F140C52}.RelWithDebInfo|x64.Build.0 = Release|x64
		{33134F61-C1AD-4B6F-9CEA-503A9F140C52}.RelWithDebInfo|x86.ActiveCfg = Release|Win32
		{33134F61-C1AD-4B6F-9CEA-503A9F140C52}.RelWithDebInfo|x86.Build.0 = Release|Win32
	EndGlobalSection
	GlobalSection(SolutionProperties) = preSolution
		HideSolutionNode = FALSE
	EndGlobalSection
	GlobalSection(ExtensibilityGlobals) = postSolution
		SolutionGuid = {92C9455D-3457-4DDE-9A18-7B988F9408C7}
	EndGlobalSection
EndGlobal
